
Microsoft Visual Studio Solution File, Format Version 12.00
Project("{2150E333-8FDC-42A3-9474-1A3956D46DE8}") = ".NET/.NET Core", ".NET/.NET Core", "{792337CB-12A2-4873-989C-E8720E7527B1}"
EndProject
Project("{2150E333-8FDC-42A3-9474-1A3956D46DE8}") = ".NET Framework", ".NET Framework", "{7747B2BE-FD74-4D56-A4DB-27BC635DBC45}"
EndProject
Project("{2150E333-8FDC-42A3-9474-1A3956D46DE8}") = ".NET Standard", ".NET Standard", "{77C206DC-E78E-4EF5-B1B5-FF155FA7408E}"
EndProject
Project("{2150E333-8FDC-42A3-9474-1A3956D46DE8}") = ".NET 7", ".NET 7", "{7B656204-63C0-4836-A22E-8CE60CB0773B}"
EndProject
Project("{2150E333-8FDC-42A3-9474-1A3956D46DE8}") = ".NET 6", ".NET 6", "{DD51E676-BBEB-459C-A64E-03C5E6665C6F}"
EndProject
Project("{2150E333-8FDC-42A3-9474-1A3956D46DE8}") = ".NET 5", ".NET 5", "{A976E2B3-0744-4F4C-B015-E5EBE0669B4F}"
EndProject
Project("{2150E333-8FDC-42A3-9474-1A3956D46DE8}") = ".NET Core 3.1", ".NET Core 3.1", "{1C7E226B-ED0B-41F1-9D9B-B00A992171AC}"
EndProject
Project("{2150E333-8FDC-42A3-9474-1A3956D46DE8}") = "4.8", "4.8", "{68936384-1067-4C10-A159-1DCB0A39E688}"
EndProject
Project("{2150E333-8FDC-42A3-9474-1A3956D46DE8}") = "4.7.2", "4.7.2", "{F60A4F02-9D42-477F-8A48-42868C3E5BAE}"
EndProject
Project("{2150E333-8FDC-42A3-9474-1A3956D46DE8}") = "2.1", "2.1", "{F2C64FCA-9C8D-461A-B5C9-5DB2A39B135D}"
EndProject
Project("{FAE04EC0-301F-11D3-BF4B-00C04F79EFBC}") = "ConsoleApp1", "ConsoleApp1\ConsoleApp1.csproj", "{BC975950-C863-4D79-9BC6-66867010207E}"
EndProject
Project("{FAE04EC0-301F-11D3-BF4B-00C04F79EFBC}") = "ConsoleApp2", "ConsoleApp2\ConsoleApp2.csproj", "{1D05B5CA-162D-4369-93FC-A8466E0F07B5}"
EndProject
Project("{FAE04EC0-301F-11D3-BF4B-00C04F79EFBC}") = "ConsoleApp3", "ConsoleApp3\ConsoleApp3.csproj", "{C00EFD81-9591-415D-9EB1-0A49244C42A2}"
EndProject
Project("{FAE04EC0-301F-11D3-BF4B-00C04F79EFBC}") = "ConsoleApp4", "ConsoleApp4\ConsoleApp4.csproj", "{34337E5E-1F46-4056-B0B1-DBA64D489757}"
EndProject
Project("{FAE04EC0-301F-11D3-BF4B-00C04F79EFBC}") = "ClassLibrary1", "ClassLibrary1\ClassLibrary1.csproj", "{87304D66-6C6A-43E6-BDC8-B258E28BC530}"
EndProject
Project("{F2A71F9B-5D33-465A-A702-920D77279786}") = "ConsoleApp5", "ConsoleApp5\ConsoleApp5.fsproj", "{E4F1F3DD-96AE-4A4A-BDE4-E8A20F50962D}"
EndProject
Project("{F2A71F9B-5D33-465A-A702-920D77279786}") = "ConsoleApp6", "ConsoleApp6\ConsoleApp6.fsproj", "{5632B2C3-EE10-4BBD-9B72-09A4E6685612}"
EndProject
Project("{F2A71F9B-5D33-465A-A702-920D77279786}") = "ConsoleApp7", "ConsoleApp7\ConsoleApp7.fsproj", "{9B223FD6-7C6F-48EC-8621-573023CF5CCD}"
EndProject
Project("{F2A71F9B-5D33-465A-A702-920D77279786}") = "ConsoleApp8", "ConsoleApp8\ConsoleApp8.fsproj", "{1EA6A122-7915-4A3A-A958-C7141B1522F9}"
EndProject
Project("{F2A71F9B-5D33-465A-A702-920D77279786}") = "ConsoleApplication3", "ConsoleApplication3\ConsoleApplication3.fsproj", "{80744475-4E9D-49DE-9185-A3CFD4044C81}"
EndProject
Project("{F2A71F9B-5D33-465A-A702-920D77279786}") = "ConsoleApplication4", "ConsoleApplication4\ConsoleApplication4.fsproj", "{134C7067-1932-4772-943D-BE3810923D0F}"
EndProject
Project("{FAE04EC0-301F-11D3-BF4B-00C04F79EFBC}") = "ClassLibrary2", "ClassLibrary2\ClassLibrary2.csproj", "{49045F76-7386-477E-A0DA-D030DC87FF11}"
EndProject
Project("{FAE04EC0-301F-11D3-BF4B-00C04F79EFBC}") = "ClassLibrary3", "ClassLibrary3\ClassLibrary3.csproj", "{A8859866-22BC-421B-9A8F-3D55BF20474E}"
EndProject
Project("{FAE04EC0-301F-11D3-BF4B-00C04F79EFBC}") = "ClassLibrary4", "ClassLibrary4\ClassLibrary4.csproj", "{D449A22A-EB47-4739-AB37-94300AB95ED5}"
EndProject
Project("{FAE04EC0-301F-11D3-BF4B-00C04F79EFBC}") = "ClassLibrary5", "ClassLibrary5\ClassLibrary5.csproj", "{D8C92A63-1261-4741-A7C1-5FA91F057868}"
EndProject
Project("{F184B08F-C81C-45F6-A57F-5ABD9991F28F}") = "ClassLibrary8", "ClassLibrary8\ClassLibrary8.vbproj", "{4323B01C-1CB8-491A-8FB8-2E767B882DB0}"
EndProject
Project("{F2A71F9B-5D33-465A-A702-920D77279786}") = "ClassLibrary9", "ClassLibrary9\ClassLibrary9.fsproj", "{308E3EB8-2FD4-424B-8178-5857ED892E11}"
EndProject
Project("{F2A71F9B-5D33-465A-A702-920D77279786}") = "ClassLibrary10", "ClassLibrary10\ClassLibrary10.fsproj", "{3229CA74-463D-47D4-9B24-CC6A50DBFCF0}"
EndProject
Project("{F184B08F-C81C-45F6-A57F-5ABD9991F28F}") = "ClassLibrary11", "ClassLibrary11\ClassLibrary11.vbproj", "{DECB9228-3216-49C2-BDA6-4038384B1FA2}"
EndProject
Project("{F2A71F9B-5D33-465A-A702-920D77279786}") = "ClassLibrary12", "ClassLibrary12\ClassLibrary12.fsproj", "{5DEA5798-3C75-46A6-97AD-A8A0565345CD}"
EndProject
Project("{F2A71F9B-5D33-465A-A702-920D77279786}") = "ClassLibrary13", "ClassLibrary13\ClassLibrary13.fsproj", "{BE89F703-B1D9-4FC5-AD6E-BD8F2B9D2536}"
EndProject
Project("{F184B08F-C81C-45F6-A57F-5ABD9991F28F}") = "ClassLibrary14", "ClassLibrary14\ClassLibrary14.vbproj", "{5732BC21-4167-41A3-9573-01A0DFBB363A}"
EndProject
Project("{FAE04EC0-301F-11D3-BF4B-00C04F79EFBC}") = "TestProject1", "TestProject1\TestProject1.csproj", "{80C1B58B-4665-43F7-8022-15A9367DB478}"
EndProject
Project("{FAE04EC0-301F-11D3-BF4B-00C04F79EFBC}") = "TestProject2", "TestProject2\TestProject2.csproj", "{0F27308C-27DE-4224-95B5-26520D8CC0CB}"
EndProject
Project("{FAE04EC0-301F-11D3-BF4B-00C04F79EFBC}") = "TestProject3", "TestProject3\TestProject3.csproj", "{CB888062-00B0-4B49-99D3-E49BDBD5BCA0}"
EndProject
Project("{FAE04EC0-301F-11D3-BF4B-00C04F79EFBC}") = "TestProject4", "TestProject4\TestProject4.csproj", "{995CF8D0-CDFA-4906-9CC5-CF055092F2E2}"
EndProject
Project("{FAE04EC0-301F-11D3-BF4B-00C04F79EFBC}") = "WebApplication1", "WebApplication1\WebApplication1.csproj", "{D9CEE16A-B831-4ACC-A86F-649F9491A263}"
EndProject
Project("{FAE04EC0-301F-11D3-BF4B-00C04F79EFBC}") = "WebApplication2", "WebApplication2\WebApplication2.csproj", "{5A4AE349-CA31-4C10-8E28-0BC000EEC2AD}"
EndProject
Project("{D954291E-2A0B-460D-934E-DC6B0785DB48}") = "SharedProject1", "SharedProject1\SharedProject1.shproj", "{781E9B31-373C-42FE-8139-70CD2D7F2EB3}"
EndProject
Project("{FAE04EC0-301F-11D3-BF4B-00C04F79EFBC}") = "BlazorApp1", "BlazorApp1\BlazorApp1.csproj", "{4B346360-1089-4463-A0AE-82565971EF5A}"
EndProject
Project("{FAE04EC0-301F-11D3-BF4B-00C04F79EFBC}") = "WebApplication3", "WebApplication3\WebApplication3.csproj", "{C2D1DB98-FF1A-4DF4-BBB7-D20655FDE3DE}"
EndProject
Project("{FAE04EC0-301F-11D3-BF4B-00C04F79EFBC}") = "WinFormsApp1", "WinFormsApp1\WinFormsApp1.csproj", "{857278DD-92B1-4B68-AE5F-2A8101B645D4}"
EndProject
Project("{FAE04EC0-301F-11D3-BF4B-00C04F79EFBC}") = "WinFormsLibrary1", "WinFormsLibrary1\WinFormsLibrary1.csproj", "{F055650F-9F06-4FED-9D79-DA26FC454142}"
EndProject
Project("{FAE04EC0-301F-11D3-BF4B-00C04F79EFBC}") = "WinFormsControlLibrary1", "WinFormsControlLibrary1\WinFormsControlLibrary1.csproj", "{C48E2F46-6517-4152-9750-4F56DF211245}"
EndProject
Project("{FAE04EC0-301F-11D3-BF4B-00C04F79EFBC}") = "WpfApp1", "WpfApp1\WpfApp1.csproj", "{31E638B6-F82E-4C2B-B0AC-CBBBB9E0ED39}"
EndProject
Project("{FAE04EC0-301F-11D3-BF4B-00C04F79EFBC}") = "WpfLibrary1", "WpfLibrary1\WpfLibrary1.csproj", "{E78FC0DF-7CB7-4DD4-A9E9-D0FE8DEA531F}"
EndProject
Project("{FAE04EC0-301F-11D3-BF4B-00C04F79EFBC}") = "WpfCustomControlLibrary1", "WpfCustomControlLibrary1\WpfCustomControlLibrary1.csproj", "{CECF56D0-F0E2-4C80-80D5-46C149C110E5}"
EndProject
Project("{FAE04EC0-301F-11D3-BF4B-00C04F79EFBC}") = "WpfControlLibrary1", "WpfControlLibrary1\WpfControlLibrary1.csproj", "{4BB1D983-2A7F-42E5-A018-B1597FCFE5C9}"
EndProject
Project("{F184B08F-C81C-45F6-A57F-5ABD9991F28F}") = "WpfApp2", "WpfApp2\WpfApp2.vbproj", "{403513F0-EC5D-4A57-B231-B0CE39D69122}"
EndProject
Project("{F184B08F-C81C-45F6-A57F-5ABD9991F28F}") = "WinFormsApp2", "WinFormsApp2\WinFormsApp2.vbproj", "{B9BA46E9-A9F5-4883-A962-EDB0467910C3}"
EndProject
Project("{FAE04EC0-301F-11D3-BF4B-00C04F79EFBC}") = "WinFormsApp3", "WinFormsApp3\WinFormsApp3.csproj", "{F6097203-E1B3-4C77-ADFC-6DB2BCEB1147}"
EndProject
Project("{FAE04EC0-301F-11D3-BF4B-00C04F79EFBC}") = "WpfApp3", "WpfApp3\WpfApp3.csproj", "{56693704-1045-4211-BF53-6C6FD5446692}"
EndProject
Project("{FAE04EC0-301F-11D3-BF4B-00C04F79EFBC}") = "WpfApp4", "WpfApp4\WpfApp4.csproj", "{8FA0767B-85B4-49C0-8D6B-494E0246B7BF}"
EndProject
Project("{FAE04EC0-301F-11D3-BF4B-00C04F79EFBC}") = "WinFormsApp4", "WinFormsApp4\WinFormsApp4.csproj", "{213A3E71-722B-4A04-97F1-8D197915DA18}"
EndProject
Project("{FAE04EC0-301F-11D3-BF4B-00C04F79EFBC}") = "WpfApp5", "WpfApp5\WpfApp5.csproj", "{1824052D-500C-49F1-918A-08A9D31FE0F9}"
EndProject
Project("{FAE04EC0-301F-11D3-BF4B-00C04F79EFBC}") = "WinFormsApp5", "WinFormsApp5\WinFormsApp5.csproj", "{BCF7BC3D-741E-4A84-A297-236B089BCC78}"
EndProject
Project("{FAE04EC0-301F-11D3-BF4B-00C04F79EFBC}") = "TestProject5", "TestProject5\TestProject5.csproj", "{A93F9DEC-9DF1-43C4-880E-9BF6F77FEDB0}"
EndProject
Project("{FAE04EC0-301F-11D3-BF4B-00C04F79EFBC}") = "TestProject6", "TestProject6\TestProject6.csproj", "{F23F6BA9-94EE-4944-8A19-4EFDEB87EAC4}"
EndProject
Project("{FAE04EC0-301F-11D3-BF4B-00C04F79EFBC}") = "TestProject7", "TestProject7\TestProject7.csproj", "{FF53C8FA-1055-4FC3-86B9-3EC349765D43}"
EndProject
Project("{F184B08F-C81C-45F6-A57F-5ABD9991F28F}") = "TestProject8", "TestProject8\TestProject8.vbproj", "{42E69507-22E3-4AED-B108-50D27CC3E5E6}"
EndProject
Project("{F184B08F-C81C-45F6-A57F-5ABD9991F28F}") = "TestProject9", "TestProject9\TestProject9.vbproj", "{D2A8420B-C7BA-4384-820F-FF04885086A9}"
EndProject
Project("{F184B08F-C81C-45F6-A57F-5ABD9991F28F}") = "TestProject10", "TestProject10\TestProject10.vbproj", "{BD818E1E-35CE-4549-B66B-BFD89652480D}"
EndProject
Project("{FAE04EC0-301F-11D3-BF4B-00C04F79EFBC}") = "TestProject11", "TestProject11\TestProject11.csproj", "{29A70456-DA75-4619-B4FE-DA4274C0D34D}"
EndProject
Project("{FAE04EC0-301F-11D3-BF4B-00C04F79EFBC}") = "TestProject12", "TestProject12\TestProject12.csproj", "{C34BA0C5-DEC2-4600-A063-957D605D69FE}"
EndProject
Project("{FAE04EC0-301F-11D3-BF4B-00C04F79EFBC}") = "TestProject13", "TestProject13\TestProject13.csproj", "{DB46F2DF-83A8-40A8-B23D-219F97946441}"
EndProject
Project("{FAE04EC0-301F-11D3-BF4B-00C04F79EFBC}") = "TestProject14", "TestProject14\TestProject14.csproj", "{C33AB269-2E7A-4BA6-967E-0330718D80D6}"
EndProject
Project("{FAE04EC0-301F-11D3-BF4B-00C04F79EFBC}") = "TestProject15", "TestProject15\TestProject15.csproj", "{4EA2604E-4677-4C90-A566-E93BC4580385}"
EndProject
Project("{FAE04EC0-301F-11D3-BF4B-00C04F79EFBC}") = "TestProject16", "TestProject16\TestProject16.csproj", "{BE84387C-D5CF-4D1A-BCB6-71D43DAB453C}"
EndProject
Project("{FAE04EC0-301F-11D3-BF4B-00C04F79EFBC}") = "TestProject17", "TestProject17\TestProject17.csproj", "{215C9A81-491A-44E3-BDF1-2C6306B38EE5}"
EndProject
Project("{FAE04EC0-301F-11D3-BF4B-00C04F79EFBC}") = "TestProject18", "TestProject18\TestProject18.csproj", "{21FA3167-E490-4398-B412-94FBA48BC5BB}"
EndProject
Project("{FAE04EC0-301F-11D3-BF4B-00C04F79EFBC}") = "TestProject19", "TestProject19\TestProject19.csproj", "{14AA1225-61F4-466C-9D01-6BC0DAA4CA12}"
EndProject
Project("{FAE04EC0-301F-11D3-BF4B-00C04F79EFBC}") = "ConsoleApp9", "ConsoleApp9\ConsoleApp9.csproj", "{2919CA24-C5F6-4447-95E6-FCD993878F9C}"
EndProject
Project("{FAE04EC0-301F-11D3-BF4B-00C04F79EFBC}") = "WpfApp6", "WpfApp6\WpfApp6.csproj", "{4DC7CFFB-F3D9-4849-9357-44ADA4F8E992}"
EndProject
Project("{FAE04EC0-301F-11D3-BF4B-00C04F79EFBC}") = "EmptyBlazorApp1", "EmptyBlazorApp1\EmptyBlazorApp1.csproj", "{E03DF741-BF18-47D4-9899-EBEAEBD74D47}"
EndProject
Project("{FAE04EC0-301F-11D3-BF4B-00C04F79EFBC}") = "WebApplication4", "WebApplication4\WebApplication4.csproj", "{38220CFF-5EE8-4809-B3B2-47A27809C404}"
EndProject
Project("{FAE04EC0-301F-11D3-BF4B-00C04F79EFBC}") = "GrpcService1", "GrpcService1\GrpcService1.csproj", "{631BAB42-6466-4B38-AC31-E007DB596307}"
EndProject
Project("{FAE04EC0-301F-11D3-BF4B-00C04F79EFBC}") = "RazorClassLibrary1", "RazorClassLibrary1\RazorClassLibrary1.csproj", "{FA093BFA-7F08-417C-814B-FEC420A09253}"
EndProject
Project("{FAE04EC0-301F-11D3-BF4B-00C04F79EFBC}") = "WebApplication5", "WebApplication5\WebApplication5.csproj", "{8B1BFB07-C89A-4D38-9F0B-8E808975F02F}"
EndProject
Project("{FAE04EC0-301F-11D3-BF4B-00C04F79EFBC}") = "BlazorApp3", "BlazorApp3\BlazorApp3.csproj", "{6E1F975D-6AB4-4215-BECC-8CD31CE16331}"
EndProject
Project("{FAE04EC0-301F-11D3-BF4B-00C04F79EFBC}") = "WebApplication6", "WebApplication6\WebApplication6.csproj", "{F1E360AB-D8B4-4A2F-95CF-031D1C181CAC}"
EndProject
Project("{FAE04EC0-301F-11D3-BF4B-00C04F79EFBC}") = "WebApplication7", "WebApplication7\WebApplication7.csproj", "{05548103-0851-4ACB-81F7-6E15EC8D6AA4}"
EndProject
Project("{FAE04EC0-301F-11D3-BF4B-00C04F79EFBC}") = "WebApplication8", "WebApplication8\WebApplication8.csproj", "{C3460B93-1C6A-4D80-A73C-20C40F5C5CB3}"
EndProject
Project("{FAE04EC0-301F-11D3-BF4B-00C04F79EFBC}") = "ASP.NETCoreWebApplication1", "ASP.NETCoreWebApplication1\ASP.NETCoreWebApplication1.csproj", "{34253444-F0C5-447F-8A40-715E36DFEDA7}"
EndProject
Project("{FAE04EC0-301F-11D3-BF4B-00C04F79EFBC}") = "ASP.NETCoreWebApplication2", "ASP.NETCoreWebApplication2\ASP.NETCoreWebApplication2.csproj", "{394810E8-AA1C-4ABF-8C57-E458F8D01681}"
EndProject
Project("{FAE04EC0-301F-11D3-BF4B-00C04F79EFBC}") = "BlazorApp4", "BlazorApp4\BlazorApp4.csproj", "{9AAD811D-370B-4B93-80CC-9C4CA85EE983}"
EndProject
Project("{FAE04EC0-301F-11D3-BF4B-00C04F79EFBC}") = "WebApplication9", "WebApplication9\WebApplication9.csproj", "{AF019C4E-2D3D-47D3-B5E5-A25B78C1B7C0}"
EndProject
Project("{FAE04EC0-301F-11D3-BF4B-00C04F79EFBC}") = "ASP.NETCoreWebApplication4", "ASP.NETCoreWebApplication4\ASP.NETCoreWebApplication4.csproj", "{D7841579-8476-4852-A956-29A51491C74D}"
EndProject
Project("{FAE04EC0-301F-11D3-BF4B-00C04F79EFBC}") = "BlazorApp5", "BlazorApp5\BlazorApp5.csproj", "{56488660-3437-450B-9F42-3727A132EFA0}"
EndProject
Project("{FAE04EC0-301F-11D3-BF4B-00C04F79EFBC}") = "WebApplication10", "WebApplication10\WebApplication10.csproj", "{EB9F3672-6D94-42DD-81A4-78EAA0C89983}"
EndProject
Project("{FAE04EC0-301F-11D3-BF4B-00C04F79EFBC}") = "WebApplication11", "WebApplication11\WebApplication11.csproj", "{3E5E6F80-C429-4CFA-8561-E31DC0E1792E}"
EndProject
Project("{FAE04EC0-301F-11D3-BF4B-00C04F79EFBC}") = "WebApplication12", "WebApplication12\WebApplication12.csproj", "{131C8C04-639B-4105-A5C1-83E80F79EB23}"
EndProject
Project("{FAE04EC0-301F-11D3-BF4B-00C04F79EFBC}") = "ASP.NETCoreWebApplication6", "ASP.NETCoreWebApplication6\ASP.NETCoreWebApplication6.csproj", "{A5240F3F-A9AE-47E1-BF09-49ADB773C82E}"
EndProject
Project("{2150E333-8FDC-42A3-9474-1A3956D46DE8}") = "Xamarin", "Xamarin", "{38ADE0CC-58B4-4AA6-8267-1577B669C942}"
EndProject
Project("{FAE04EC0-301F-11D3-BF4B-00C04F79EFBC}") = "XamarinFormsLibrary1", "XamarinFormsLibrary1\XamarinFormsLibrary1.csproj", "{32E92DC1-C39B-43BA-9699-A88A404FFA79}"
EndProject
Project("{FAE04EC0-301F-11D3-BF4B-00C04F79EFBC}") = "IOSApp1", "IOSApp1\IOSApp1.csproj", "{FD58117F-D8B3-4800-BFA9-80A554782625}"
EndProject
Project("{FAE04EC0-301F-11D3-BF4B-00C04F79EFBC}") = "MacOSApp1", "MacOSApp1\MacOSApp1.csproj", "{4E67EF6D-F457-4031-88FD-301EDEFE4DE3}"
EndProject
Project("{FAE04EC0-301F-11D3-BF4B-00C04F79EFBC}") = "TVOSApp1", "TVOSApp1\TVOSApp1.csproj", "{1A22DD50-291A-4EC2-87BF-C86E5D44326B}"
EndProject
Project("{FAE04EC0-301F-11D3-BF4B-00C04F79EFBC}") = "WatchOSApp1.WatchOSApp", "WatchOSApp1\WatchOSApp1.WatchOSApp\WatchOSApp1.WatchOSApp.csproj", "{1F46EE74-C541-4E60-94AF-519E68F29C41}"
EndProject
Project("{FAE04EC0-301F-11D3-BF4B-00C04F79EFBC}") = "WatchOSApp1.WatchOSExtension", "WatchOSApp1\WatchOSApp1.WatchOSExtension\WatchOSApp1.WatchOSExtension.csproj", "{227DD1E8-9C34-430B-A8A6-41A737D14D3E}"
EndProject
Project("{2150E333-8FDC-42A3-9474-1A3956D46DE8}") = "Cross Platform", "Cross Platform", "{84A14748-D8BC-4B36-AA38-307C112C3457}"
EndProject
Project("{FAE04EC0-301F-11D3-BF4B-00C04F79EFBC}") = "App1", "App1\App1\App1.csproj", "{CEB9EE11-168A-4B50-9777-C7339B839FF5}"
EndProject
Project("{FAE04EC0-301F-11D3-BF4B-00C04F79EFBC}") = "App1.iOS", "App1\App1.iOS\App1.iOS.csproj", "{5AE3055F-D9BE-487C-9424-91ACB2A63167}"
EndProject
Project("{D954291E-2A0B-460D-934E-DC6B0785DB48}") = "App2", "App2\App2\App2.shproj", "{F8334B1A-767F-4C1F-9572-215F70AAAEB1}"
EndProject
Project("{FAE04EC0-301F-11D3-BF4B-00C04F79EFBC}") = "App2.iOS", "App2\App2.iOS\App2.iOS.csproj", "{7158C87A-144F-4990-AFC4-6C553CE65701}"
EndProject
Project("{FAE04EC0-301F-11D3-BF4B-00C04F79EFBC}") = "EmptyBlazorApp2", "EmptyBlazorApp2\EmptyBlazorApp2.csproj", "{268750BE-9503-4675-A485-9E2E973E85AE}"
EndProject
Project("{FAE04EC0-301F-11D3-BF4B-00C04F79EFBC}") = "EmptyBlazorApp3", "EmptyBlazorApp3\EmptyBlazorApp3.csproj", "{4FE36408-BBA0-492A-9E25-29E9D00E94C2}"
EndProject
Project("{FAE04EC0-301F-11D3-BF4B-00C04F79EFBC}") = "WebApplication13", "WebApplication13\WebApplication13.csproj", "{1AC408BF-52A0-46F3-8CDA-30AE9B6C62F8}"
EndProject
Project("{FAE04EC0-301F-11D3-BF4B-00C04F79EFBC}") = "ClassLibrary7", "ClassLibrary7\ClassLibrary7.csproj", "{C9B203AB-03C4-45D8-B74D-2F0CB610AD76}"
EndProject
Project("{FAE04EC0-301F-11D3-BF4B-00C04F79EFBC}") = "WpfApplication3", "WpfApplication3\WpfApplication3.csproj", "{BA7D4502-48BA-4159-A094-151B393F3C62}"
EndProject
Project("{FAE04EC0-301F-11D3-BF4B-00C04F79EFBC}") = "WindowsFormsApp3", "WindowsFormsApp3\WindowsFormsApp3.csproj", "{828342FD-C02A-483F-BA32-9BEA73CDF71F}"
EndProject
Project("{FAE04EC0-301F-11D3-BF4B-00C04F79EFBC}") = "WebApplication14", "WebApplication14\WebApplication14.csproj", "{02243409-1C72-41AE-B587-DF4562785AB1}"
EndProject
Project("{FAE04EC0-301F-11D3-BF4B-00C04F79EFBC}") = "ConsoleApplication2", "ConsoleApplication2\ConsoleApplication2.csproj", "{AF71C665-F825-4ABE-ACE6-041F82242E72}"
EndProject
Project("{FAE04EC0-301F-11D3-BF4B-00C04F79EFBC}") = "ClassLibrary15", "ClassLibrary15\ClassLibrary15.csproj", "{8FA1187E-32BE-46BA-8AB0-92A4E24C37C5}"
EndProject
Project("{FAE04EC0-301F-11D3-BF4B-00C04F79EFBC}") = "WindowsFormsApp4", "WindowsFormsApp4\WindowsFormsApp4.csproj", "{01939DE4-9823-4EBB-AC9F-4DF48C8E8C28}"
EndProject
Project("{FAE04EC0-301F-11D3-BF4B-00C04F79EFBC}") = "ClassLibrary6", "ClassLibrary6\ClassLibrary6.csproj", "{7F89E530-52AA-4E77-B486-D3095DD9FA8D}"
EndProject
Project("{FAE04EC0-301F-11D3-BF4B-00C04F79EFBC}") = "WpfApplication4", "WpfApplication4\WpfApplication4.csproj", "{CCD56D77-01A4-443A-B3AD-C4282F678C1E}"
EndProject
Project("{FAE04EC0-301F-11D3-BF4B-00C04F79EFBC}") = "ConsoleApplication1", "ConsoleApplication1\ConsoleApplication1.csproj", "{9C57C66D-E2EE-4D3E-B252-4D930C691E7B}"
EndProject
Project("{FAE04EC0-301F-11D3-BF4B-00C04F79EFBC}") = "ClassLibrary16", "ClassLibrary16\ClassLibrary16.csproj", "{6F05335B-4BB9-4B94-A0AA-CF32DCCC838C}"
EndProject
Global
	GlobalSection(SolutionConfigurationPlatforms) = preSolution
		Debug|Any CPU = Debug|Any CPU
		Release|Any CPU = Release|Any CPU
	EndGlobalSection
	GlobalSection(NestedProjects) = preSolution
		{7B656204-63C0-4836-A22E-8CE60CB0773B} = {792337CB-12A2-4873-989C-E8720E7527B1}
		{DD51E676-BBEB-459C-A64E-03C5E6665C6F} = {792337CB-12A2-4873-989C-E8720E7527B1}
		{A976E2B3-0744-4F4C-B015-E5EBE0669B4F} = {792337CB-12A2-4873-989C-E8720E7527B1}
		{1C7E226B-ED0B-41F1-9D9B-B00A992171AC} = {792337CB-12A2-4873-989C-E8720E7527B1}
		{68936384-1067-4C10-A159-1DCB0A39E688} = {7747B2BE-FD74-4D56-A4DB-27BC635DBC45}
		{F60A4F02-9D42-477F-8A48-42868C3E5BAE} = {7747B2BE-FD74-4D56-A4DB-27BC635DBC45}
		{F2C64FCA-9C8D-461A-B5C9-5DB2A39B135D} = {77C206DC-E78E-4EF5-B1B5-FF155FA7408E}
		{BC975950-C863-4D79-9BC6-66867010207E} = {7B656204-63C0-4836-A22E-8CE60CB0773B}
		{1D05B5CA-162D-4369-93FC-A8466E0F07B5} = {DD51E676-BBEB-459C-A64E-03C5E6665C6F}
		{C00EFD81-9591-415D-9EB1-0A49244C42A2} = {A976E2B3-0744-4F4C-B015-E5EBE0669B4F}
		{34337E5E-1F46-4056-B0B1-DBA64D489757} = {1C7E226B-ED0B-41F1-9D9B-B00A992171AC}
		{87304D66-6C6A-43E6-BDC8-B258E28BC530} = {F2C64FCA-9C8D-461A-B5C9-5DB2A39B135D}
		{E4F1F3DD-96AE-4A4A-BDE4-E8A20F50962D} = {7B656204-63C0-4836-A22E-8CE60CB0773B}
		{5632B2C3-EE10-4BBD-9B72-09A4E6685612} = {DD51E676-BBEB-459C-A64E-03C5E6665C6F}
		{9B223FD6-7C6F-48EC-8621-573023CF5CCD} = {A976E2B3-0744-4F4C-B015-E5EBE0669B4F}
		{1EA6A122-7915-4A3A-A958-C7141B1522F9} = {1C7E226B-ED0B-41F1-9D9B-B00A992171AC}
		{80744475-4E9D-49DE-9185-A3CFD4044C81} = {68936384-1067-4C10-A159-1DCB0A39E688}
		{134C7067-1932-4772-943D-BE3810923D0F} = {F60A4F02-9D42-477F-8A48-42868C3E5BAE}
		{49045F76-7386-477E-A0DA-D030DC87FF11} = {7B656204-63C0-4836-A22E-8CE60CB0773B}
		{A8859866-22BC-421B-9A8F-3D55BF20474E} = {DD51E676-BBEB-459C-A64E-03C5E6665C6F}
		{D449A22A-EB47-4739-AB37-94300AB95ED5} = {A976E2B3-0744-4F4C-B015-E5EBE0669B4F}
		{D8C92A63-1261-4741-A7C1-5FA91F057868} = {1C7E226B-ED0B-41F1-9D9B-B00A992171AC}
		{4323B01C-1CB8-491A-8FB8-2E767B882DB0} = {7B656204-63C0-4836-A22E-8CE60CB0773B}
		{308E3EB8-2FD4-424B-8178-5857ED892E11} = {7B656204-63C0-4836-A22E-8CE60CB0773B}
		{3229CA74-463D-47D4-9B24-CC6A50DBFCF0} = {DD51E676-BBEB-459C-A64E-03C5E6665C6F}
		{DECB9228-3216-49C2-BDA6-4038384B1FA2} = {DD51E676-BBEB-459C-A64E-03C5E6665C6F}
		{5DEA5798-3C75-46A6-97AD-A8A0565345CD} = {A976E2B3-0744-4F4C-B015-E5EBE0669B4F}
		{BE89F703-B1D9-4FC5-AD6E-BD8F2B9D2536} = {1C7E226B-ED0B-41F1-9D9B-B00A992171AC}
		{5732BC21-4167-41A3-9573-01A0DFBB363A} = {1C7E226B-ED0B-41F1-9D9B-B00A992171AC}
		{80C1B58B-4665-43F7-8022-15A9367DB478} = {68936384-1067-4C10-A159-1DCB0A39E688}
		{0F27308C-27DE-4224-95B5-26520D8CC0CB} = {68936384-1067-4C10-A159-1DCB0A39E688}
		{CB888062-00B0-4B49-99D3-E49BDBD5BCA0} = {F60A4F02-9D42-477F-8A48-42868C3E5BAE}
		{995CF8D0-CDFA-4906-9CC5-CF055092F2E2} = {F60A4F02-9D42-477F-8A48-42868C3E5BAE}
		{D9CEE16A-B831-4ACC-A86F-649F9491A263} = {68936384-1067-4C10-A159-1DCB0A39E688}
		{5A4AE349-CA31-4C10-8E28-0BC000EEC2AD} = {F60A4F02-9D42-477F-8A48-42868C3E5BAE}
		{781E9B31-373C-42FE-8139-70CD2D7F2EB3} = {68936384-1067-4C10-A159-1DCB0A39E688}
		{4B346360-1089-4463-A0AE-82565971EF5A} = {7B656204-63C0-4836-A22E-8CE60CB0773B}
		{C2D1DB98-FF1A-4DF4-BBB7-D20655FDE3DE} = {7B656204-63C0-4836-A22E-8CE60CB0773B}
		{857278DD-92B1-4B68-AE5F-2A8101B645D4} = {7B656204-63C0-4836-A22E-8CE60CB0773B}
		{F055650F-9F06-4FED-9D79-DA26FC454142} = {7B656204-63C0-4836-A22E-8CE60CB0773B}
		{C48E2F46-6517-4152-9750-4F56DF211245} = {7B656204-63C0-4836-A22E-8CE60CB0773B}
		{31E638B6-F82E-4C2B-B0AC-CBBBB9E0ED39} = {7B656204-63C0-4836-A22E-8CE60CB0773B}
		{E78FC0DF-7CB7-4DD4-A9E9-D0FE8DEA531F} = {7B656204-63C0-4836-A22E-8CE60CB0773B}
		{CECF56D0-F0E2-4C80-80D5-46C149C110E5} = {7B656204-63C0-4836-A22E-8CE60CB0773B}
		{4BB1D983-2A7F-42E5-A018-B1597FCFE5C9} = {7B656204-63C0-4836-A22E-8CE60CB0773B}
		{403513F0-EC5D-4A57-B231-B0CE39D69122} = {7B656204-63C0-4836-A22E-8CE60CB0773B}
		{B9BA46E9-A9F5-4883-A962-EDB0467910C3} = {7B656204-63C0-4836-A22E-8CE60CB0773B}
		{F6097203-E1B3-4C77-ADFC-6DB2BCEB1147} = {A976E2B3-0744-4F4C-B015-E5EBE0669B4F}
		{56693704-1045-4211-BF53-6C6FD5446692} = {A976E2B3-0744-4F4C-B015-E5EBE0669B4F}
		{8FA0767B-85B4-49C0-8D6B-494E0246B7BF} = {DD51E676-BBEB-459C-A64E-03C5E6665C6F}
		{213A3E71-722B-4A04-97F1-8D197915DA18} = {DD51E676-BBEB-459C-A64E-03C5E6665C6F}
		{1824052D-500C-49F1-918A-08A9D31FE0F9} = {1C7E226B-ED0B-41F1-9D9B-B00A992171AC}
		{BCF7BC3D-741E-4A84-A297-236B089BCC78} = {1C7E226B-ED0B-41F1-9D9B-B00A992171AC}
		{A93F9DEC-9DF1-43C4-880E-9BF6F77FEDB0} = {7B656204-63C0-4836-A22E-8CE60CB0773B}
		{F23F6BA9-94EE-4944-8A19-4EFDEB87EAC4} = {7B656204-63C0-4836-A22E-8CE60CB0773B}
		{FF53C8FA-1055-4FC3-86B9-3EC349765D43} = {7B656204-63C0-4836-A22E-8CE60CB0773B}
		{42E69507-22E3-4AED-B108-50D27CC3E5E6} = {7B656204-63C0-4836-A22E-8CE60CB0773B}
		{D2A8420B-C7BA-4384-820F-FF04885086A9} = {7B656204-63C0-4836-A22E-8CE60CB0773B}
		{BD818E1E-35CE-4549-B66B-BFD89652480D} = {7B656204-63C0-4836-A22E-8CE60CB0773B}
		{29A70456-DA75-4619-B4FE-DA4274C0D34D} = {DD51E676-BBEB-459C-A64E-03C5E6665C6F}
		{C34BA0C5-DEC2-4600-A063-957D605D69FE} = {DD51E676-BBEB-459C-A64E-03C5E6665C6F}
		{DB46F2DF-83A8-40A8-B23D-219F97946441} = {DD51E676-BBEB-459C-A64E-03C5E6665C6F}
		{C33AB269-2E7A-4BA6-967E-0330718D80D6} = {A976E2B3-0744-4F4C-B015-E5EBE0669B4F}
		{4EA2604E-4677-4C90-A566-E93BC4580385} = {A976E2B3-0744-4F4C-B015-E5EBE0669B4F}
		{BE84387C-D5CF-4D1A-BCB6-71D43DAB453C} = {A976E2B3-0744-4F4C-B015-E5EBE0669B4F}
		{215C9A81-491A-44E3-BDF1-2C6306B38EE5} = {1C7E226B-ED0B-41F1-9D9B-B00A992171AC}
		{21FA3167-E490-4398-B412-94FBA48BC5BB} = {1C7E226B-ED0B-41F1-9D9B-B00A992171AC}
		{14AA1225-61F4-466C-9D01-6BC0DAA4CA12} = {1C7E226B-ED0B-41F1-9D9B-B00A992171AC}
		{2919CA24-C5F6-4447-95E6-FCD993878F9C} = {DD51E676-BBEB-459C-A64E-03C5E6665C6F}
		{4DC7CFFB-F3D9-4849-9357-44ADA4F8E992} = {DD51E676-BBEB-459C-A64E-03C5E6665C6F}
		{E03DF741-BF18-47D4-9899-EBEAEBD74D47} = {7B656204-63C0-4836-A22E-8CE60CB0773B}
		{38220CFF-5EE8-4809-B3B2-47A27809C404} = {7B656204-63C0-4836-A22E-8CE60CB0773B}
		{631BAB42-6466-4B38-AC31-E007DB596307} = {7B656204-63C0-4836-A22E-8CE60CB0773B}
		{FA093BFA-7F08-417C-814B-FEC420A09253} = {7B656204-63C0-4836-A22E-8CE60CB0773B}
		{8B1BFB07-C89A-4D38-9F0B-8E808975F02F} = {7B656204-63C0-4836-A22E-8CE60CB0773B}
		{6E1F975D-6AB4-4215-BECC-8CD31CE16331} = {7B656204-63C0-4836-A22E-8CE60CB0773B}
		{F1E360AB-D8B4-4A2F-95CF-031D1C181CAC} = {7B656204-63C0-4836-A22E-8CE60CB0773B}
		{05548103-0851-4ACB-81F7-6E15EC8D6AA4} = {7B656204-63C0-4836-A22E-8CE60CB0773B}
		{C3460B93-1C6A-4D80-A73C-20C40F5C5CB3} = {7B656204-63C0-4836-A22E-8CE60CB0773B}
		{34253444-F0C5-447F-8A40-715E36DFEDA7} = {7B656204-63C0-4836-A22E-8CE60CB0773B}
		{394810E8-AA1C-4ABF-8C57-E458F8D01681} = {7B656204-63C0-4836-A22E-8CE60CB0773B}
		{9AAD811D-370B-4B93-80CC-9C4CA85EE983} = {DD51E676-BBEB-459C-A64E-03C5E6665C6F}
		{AF019C4E-2D3D-47D3-B5E5-A25B78C1B7C0} = {DD51E676-BBEB-459C-A64E-03C5E6665C6F}
		{D7841579-8476-4852-A956-29A51491C74D} = {DD51E676-BBEB-459C-A64E-03C5E6665C6F}
		{56488660-3437-450B-9F42-3727A132EFA0} = {A976E2B3-0744-4F4C-B015-E5EBE0669B4F}
		{EB9F3672-6D94-42DD-81A4-78EAA0C89983} = {A976E2B3-0744-4F4C-B015-E5EBE0669B4F}
		{3E5E6F80-C429-4CFA-8561-E31DC0E1792E} = {1C7E226B-ED0B-41F1-9D9B-B00A992171AC}
		{131C8C04-639B-4105-A5C1-83E80F79EB23} = {1C7E226B-ED0B-41F1-9D9B-B00A992171AC}
		{A5240F3F-A9AE-47E1-BF09-49ADB773C82E} = {1C7E226B-ED0B-41F1-9D9B-B00A992171AC}
		{32E92DC1-C39B-43BA-9699-A88A404FFA79} = {38ADE0CC-58B4-4AA6-8267-1577B669C942}
		{FD58117F-D8B3-4800-BFA9-80A554782625} = {38ADE0CC-58B4-4AA6-8267-1577B669C942}
		{4E67EF6D-F457-4031-88FD-301EDEFE4DE3} = {38ADE0CC-58B4-4AA6-8267-1577B669C942}
		{1A22DD50-291A-4EC2-87BF-C86E5D44326B} = {38ADE0CC-58B4-4AA6-8267-1577B669C942}
		{1F46EE74-C541-4E60-94AF-519E68F29C41} = {38ADE0CC-58B4-4AA6-8267-1577B669C942}
		{227DD1E8-9C34-430B-A8A6-41A737D14D3E} = {38ADE0CC-58B4-4AA6-8267-1577B669C942}
		{84A14748-D8BC-4B36-AA38-307C112C3457} = {38ADE0CC-58B4-4AA6-8267-1577B669C942}
		{CEB9EE11-168A-4B50-9777-C7339B839FF5} = {84A14748-D8BC-4B36-AA38-307C112C3457}
		{5AE3055F-D9BE-487C-9424-91ACB2A63167} = {84A14748-D8BC-4B36-AA38-307C112C3457}
		{F8334B1A-767F-4C1F-9572-215F70AAAEB1} = {84A14748-D8BC-4B36-AA38-307C112C3457}
		{7158C87A-144F-4990-AFC4-6C553CE65701} = {84A14748-D8BC-4B36-AA38-307C112C3457}
		{268750BE-9503-4675-A485-9E2E973E85AE} = {7B656204-63C0-4836-A22E-8CE60CB0773B}
		{1AC408BF-52A0-46F3-8CDA-30AE9B6C62F8} = {68936384-1067-4C10-A159-1DCB0A39E688}
		{C9B203AB-03C4-45D8-B74D-2F0CB610AD76} = {F60A4F02-9D42-477F-8A48-42868C3E5BAE}
		{BA7D4502-48BA-4159-A094-151B393F3C62} = {F60A4F02-9D42-477F-8A48-42868C3E5BAE}
		{828342FD-C02A-483F-BA32-9BEA73CDF71F} = {F60A4F02-9D42-477F-8A48-42868C3E5BAE}
		{02243409-1C72-41AE-B587-DF4562785AB1} = {F60A4F02-9D42-477F-8A48-42868C3E5BAE}
		{AF71C665-F825-4ABE-ACE6-041F82242E72} = {F60A4F02-9D42-477F-8A48-42868C3E5BAE}
		{8FA1187E-32BE-46BA-8AB0-92A4E24C37C5} = {68936384-1067-4C10-A159-1DCB0A39E688}
		{01939DE4-9823-4EBB-AC9F-4DF48C8E8C28} = {68936384-1067-4C10-A159-1DCB0A39E688}
		{7F89E530-52AA-4E77-B486-D3095DD9FA8D} = {68936384-1067-4C10-A159-1DCB0A39E688}
		{CCD56D77-01A4-443A-B3AD-C4282F678C1E} = {68936384-1067-4C10-A159-1DCB0A39E688}
		{9C57C66D-E2EE-4D3E-B252-4D930C691E7B} = {68936384-1067-4C10-A159-1DCB0A39E688}
		{6F05335B-4BB9-4B94-A0AA-CF32DCCC838C} = {F60A4F02-9D42-477F-8A48-42868C3E5BAE}
	EndGlobalSection
	GlobalSection(ProjectConfigurationPlatforms) = postSolution
		{BC975950-C863-4D79-9BC6-66867010207E}.Debug|Any CPU.ActiveCfg = Debug|Any CPU
		{BC975950-C863-4D79-9BC6-66867010207E}.Debug|Any CPU.Build.0 = Debug|Any CPU
		{BC975950-C863-4D79-9BC6-66867010207E}.Release|Any CPU.ActiveCfg = Release|Any CPU
		{BC975950-C863-4D79-9BC6-66867010207E}.Release|Any CPU.Build.0 = Release|Any CPU
		{1D05B5CA-162D-4369-93FC-A8466E0F07B5}.Debug|Any CPU.ActiveCfg = Debug|Any CPU
		{1D05B5CA-162D-4369-93FC-A8466E0F07B5}.Debug|Any CPU.Build.0 = Debug|Any CPU
		{1D05B5CA-162D-4369-93FC-A8466E0F07B5}.Release|Any CPU.ActiveCfg = Release|Any CPU
		{1D05B5CA-162D-4369-93FC-A8466E0F07B5}.Release|Any CPU.Build.0 = Release|Any CPU
		{C00EFD81-9591-415D-9EB1-0A49244C42A2}.Debug|Any CPU.ActiveCfg = Debug|Any CPU
		{C00EFD81-9591-415D-9EB1-0A49244C42A2}.Debug|Any CPU.Build.0 = Debug|Any CPU
		{C00EFD81-9591-415D-9EB1-0A49244C42A2}.Release|Any CPU.ActiveCfg = Release|Any CPU
		{C00EFD81-9591-415D-9EB1-0A49244C42A2}.Release|Any CPU.Build.0 = Release|Any CPU
		{34337E5E-1F46-4056-B0B1-DBA64D489757}.Debug|Any CPU.ActiveCfg = Debug|Any CPU
		{34337E5E-1F46-4056-B0B1-DBA64D489757}.Debug|Any CPU.Build.0 = Debug|Any CPU
		{34337E5E-1F46-4056-B0B1-DBA64D489757}.Release|Any CPU.ActiveCfg = Release|Any CPU
		{34337E5E-1F46-4056-B0B1-DBA64D489757}.Release|Any CPU.Build.0 = Release|Any CPU
		{87304D66-6C6A-43E6-BDC8-B258E28BC530}.Debug|Any CPU.ActiveCfg = Debug|Any CPU
		{87304D66-6C6A-43E6-BDC8-B258E28BC530}.Debug|Any CPU.Build.0 = Debug|Any CPU
		{87304D66-6C6A-43E6-BDC8-B258E28BC530}.Release|Any CPU.ActiveCfg = Release|Any CPU
		{87304D66-6C6A-43E6-BDC8-B258E28BC530}.Release|Any CPU.Build.0 = Release|Any CPU
		{E4F1F3DD-96AE-4A4A-BDE4-E8A20F50962D}.Debug|Any CPU.ActiveCfg = Debug|Any CPU
		{E4F1F3DD-96AE-4A4A-BDE4-E8A20F50962D}.Debug|Any CPU.Build.0 = Debug|Any CPU
		{E4F1F3DD-96AE-4A4A-BDE4-E8A20F50962D}.Release|Any CPU.ActiveCfg = Release|Any CPU
		{E4F1F3DD-96AE-4A4A-BDE4-E8A20F50962D}.Release|Any CPU.Build.0 = Release|Any CPU
		{5632B2C3-EE10-4BBD-9B72-09A4E6685612}.Debug|Any CPU.ActiveCfg = Debug|Any CPU
		{5632B2C3-EE10-4BBD-9B72-09A4E6685612}.Debug|Any CPU.Build.0 = Debug|Any CPU
		{5632B2C3-EE10-4BBD-9B72-09A4E6685612}.Release|Any CPU.ActiveCfg = Release|Any CPU
		{5632B2C3-EE10-4BBD-9B72-09A4E6685612}.Release|Any CPU.Build.0 = Release|Any CPU
		{9B223FD6-7C6F-48EC-8621-573023CF5CCD}.Debug|Any CPU.ActiveCfg = Debug|Any CPU
		{9B223FD6-7C6F-48EC-8621-573023CF5CCD}.Debug|Any CPU.Build.0 = Debug|Any CPU
		{9B223FD6-7C6F-48EC-8621-573023CF5CCD}.Release|Any CPU.ActiveCfg = Release|Any CPU
		{9B223FD6-7C6F-48EC-8621-573023CF5CCD}.Release|Any CPU.Build.0 = Release|Any CPU
		{1EA6A122-7915-4A3A-A958-C7141B1522F9}.Debug|Any CPU.ActiveCfg = Debug|Any CPU
		{1EA6A122-7915-4A3A-A958-C7141B1522F9}.Debug|Any CPU.Build.0 = Debug|Any CPU
		{1EA6A122-7915-4A3A-A958-C7141B1522F9}.Release|Any CPU.ActiveCfg = Release|Any CPU
		{1EA6A122-7915-4A3A-A958-C7141B1522F9}.Release|Any CPU.Build.0 = Release|Any CPU
		{80744475-4E9D-49DE-9185-A3CFD4044C81}.Debug|Any CPU.ActiveCfg = Debug|Any CPU
		{80744475-4E9D-49DE-9185-A3CFD4044C81}.Debug|Any CPU.Build.0 = Debug|Any CPU
		{80744475-4E9D-49DE-9185-A3CFD4044C81}.Release|Any CPU.ActiveCfg = Release|Any CPU
		{80744475-4E9D-49DE-9185-A3CFD4044C81}.Release|Any CPU.Build.0 = Release|Any CPU
		{134C7067-1932-4772-943D-BE3810923D0F}.Debug|Any CPU.ActiveCfg = Debug|Any CPU
		{134C7067-1932-4772-943D-BE3810923D0F}.Debug|Any CPU.Build.0 = Debug|Any CPU
		{134C7067-1932-4772-943D-BE3810923D0F}.Release|Any CPU.ActiveCfg = Release|Any CPU
		{134C7067-1932-4772-943D-BE3810923D0F}.Release|Any CPU.Build.0 = Release|Any CPU
		{49045F76-7386-477E-A0DA-D030DC87FF11}.Debug|Any CPU.ActiveCfg = Debug|Any CPU
		{49045F76-7386-477E-A0DA-D030DC87FF11}.Debug|Any CPU.Build.0 = Debug|Any CPU
		{49045F76-7386-477E-A0DA-D030DC87FF11}.Release|Any CPU.ActiveCfg = Release|Any CPU
		{49045F76-7386-477E-A0DA-D030DC87FF11}.Release|Any CPU.Build.0 = Release|Any CPU
		{A8859866-22BC-421B-9A8F-3D55BF20474E}.Debug|Any CPU.ActiveCfg = Debug|Any CPU
		{A8859866-22BC-421B-9A8F-3D55BF20474E}.Debug|Any CPU.Build.0 = Debug|Any CPU
		{A8859866-22BC-421B-9A8F-3D55BF20474E}.Release|Any CPU.ActiveCfg = Release|Any CPU
		{A8859866-22BC-421B-9A8F-3D55BF20474E}.Release|Any CPU.Build.0 = Release|Any CPU
		{D449A22A-EB47-4739-AB37-94300AB95ED5}.Debug|Any CPU.ActiveCfg = Debug|Any CPU
		{D449A22A-EB47-4739-AB37-94300AB95ED5}.Debug|Any CPU.Build.0 = Debug|Any CPU
		{D449A22A-EB47-4739-AB37-94300AB95ED5}.Release|Any CPU.ActiveCfg = Release|Any CPU
		{D449A22A-EB47-4739-AB37-94300AB95ED5}.Release|Any CPU.Build.0 = Release|Any CPU
		{D8C92A63-1261-4741-A7C1-5FA91F057868}.Debug|Any CPU.ActiveCfg = Debug|Any CPU
		{D8C92A63-1261-4741-A7C1-5FA91F057868}.Debug|Any CPU.Build.0 = Debug|Any CPU
		{D8C92A63-1261-4741-A7C1-5FA91F057868}.Release|Any CPU.ActiveCfg = Release|Any CPU
		{D8C92A63-1261-4741-A7C1-5FA91F057868}.Release|Any CPU.Build.0 = Release|Any CPU
		{4323B01C-1CB8-491A-8FB8-2E767B882DB0}.Debug|Any CPU.ActiveCfg = Debug|Any CPU
		{4323B01C-1CB8-491A-8FB8-2E767B882DB0}.Debug|Any CPU.Build.0 = Debug|Any CPU
		{4323B01C-1CB8-491A-8FB8-2E767B882DB0}.Release|Any CPU.ActiveCfg = Release|Any CPU
		{4323B01C-1CB8-491A-8FB8-2E767B882DB0}.Release|Any CPU.Build.0 = Release|Any CPU
		{308E3EB8-2FD4-424B-8178-5857ED892E11}.Debug|Any CPU.ActiveCfg = Debug|Any CPU
		{308E3EB8-2FD4-424B-8178-5857ED892E11}.Debug|Any CPU.Build.0 = Debug|Any CPU
		{308E3EB8-2FD4-424B-8178-5857ED892E11}.Release|Any CPU.ActiveCfg = Release|Any CPU
		{308E3EB8-2FD4-424B-8178-5857ED892E11}.Release|Any CPU.Build.0 = Release|Any CPU
		{3229CA74-463D-47D4-9B24-CC6A50DBFCF0}.Debug|Any CPU.ActiveCfg = Debug|Any CPU
		{3229CA74-463D-47D4-9B24-CC6A50DBFCF0}.Debug|Any CPU.Build.0 = Debug|Any CPU
		{3229CA74-463D-47D4-9B24-CC6A50DBFCF0}.Release|Any CPU.ActiveCfg = Release|Any CPU
		{3229CA74-463D-47D4-9B24-CC6A50DBFCF0}.Release|Any CPU.Build.0 = Release|Any CPU
		{DECB9228-3216-49C2-BDA6-4038384B1FA2}.Debug|Any CPU.ActiveCfg = Debug|Any CPU
		{DECB9228-3216-49C2-BDA6-4038384B1FA2}.Debug|Any CPU.Build.0 = Debug|Any CPU
		{DECB9228-3216-49C2-BDA6-4038384B1FA2}.Release|Any CPU.ActiveCfg = Release|Any CPU
		{DECB9228-3216-49C2-BDA6-4038384B1FA2}.Release|Any CPU.Build.0 = Release|Any CPU
		{5DEA5798-3C75-46A6-97AD-A8A0565345CD}.Debug|Any CPU.ActiveCfg = Debug|Any CPU
		{5DEA5798-3C75-46A6-97AD-A8A0565345CD}.Debug|Any CPU.Build.0 = Debug|Any CPU
		{5DEA5798-3C75-46A6-97AD-A8A0565345CD}.Release|Any CPU.ActiveCfg = Release|Any CPU
		{5DEA5798-3C75-46A6-97AD-A8A0565345CD}.Release|Any CPU.Build.0 = Release|Any CPU
		{BE89F703-B1D9-4FC5-AD6E-BD8F2B9D2536}.Debug|Any CPU.ActiveCfg = Debug|Any CPU
		{BE89F703-B1D9-4FC5-AD6E-BD8F2B9D2536}.Debug|Any CPU.Build.0 = Debug|Any CPU
		{BE89F703-B1D9-4FC5-AD6E-BD8F2B9D2536}.Release|Any CPU.ActiveCfg = Release|Any CPU
		{BE89F703-B1D9-4FC5-AD6E-BD8F2B9D2536}.Release|Any CPU.Build.0 = Release|Any CPU
		{5732BC21-4167-41A3-9573-01A0DFBB363A}.Debug|Any CPU.ActiveCfg = Debug|Any CPU
		{5732BC21-4167-41A3-9573-01A0DFBB363A}.Debug|Any CPU.Build.0 = Debug|Any CPU
		{5732BC21-4167-41A3-9573-01A0DFBB363A}.Release|Any CPU.ActiveCfg = Release|Any CPU
		{5732BC21-4167-41A3-9573-01A0DFBB363A}.Release|Any CPU.Build.0 = Release|Any CPU
		{80C1B58B-4665-43F7-8022-15A9367DB478}.Debug|Any CPU.ActiveCfg = Debug|Any CPU
		{80C1B58B-4665-43F7-8022-15A9367DB478}.Debug|Any CPU.Build.0 = Debug|Any CPU
		{80C1B58B-4665-43F7-8022-15A9367DB478}.Release|Any CPU.ActiveCfg = Release|Any CPU
		{80C1B58B-4665-43F7-8022-15A9367DB478}.Release|Any CPU.Build.0 = Release|Any CPU
		{0F27308C-27DE-4224-95B5-26520D8CC0CB}.Debug|Any CPU.ActiveCfg = Debug|Any CPU
		{0F27308C-27DE-4224-95B5-26520D8CC0CB}.Debug|Any CPU.Build.0 = Debug|Any CPU
		{0F27308C-27DE-4224-95B5-26520D8CC0CB}.Release|Any CPU.ActiveCfg = Release|Any CPU
		{0F27308C-27DE-4224-95B5-26520D8CC0CB}.Release|Any CPU.Build.0 = Release|Any CPU
		{CB888062-00B0-4B49-99D3-E49BDBD5BCA0}.Debug|Any CPU.ActiveCfg = Debug|Any CPU
		{CB888062-00B0-4B49-99D3-E49BDBD5BCA0}.Debug|Any CPU.Build.0 = Debug|Any CPU
		{CB888062-00B0-4B49-99D3-E49BDBD5BCA0}.Release|Any CPU.ActiveCfg = Release|Any CPU
		{CB888062-00B0-4B49-99D3-E49BDBD5BCA0}.Release|Any CPU.Build.0 = Release|Any CPU
		{995CF8D0-CDFA-4906-9CC5-CF055092F2E2}.Debug|Any CPU.ActiveCfg = Debug|Any CPU
		{995CF8D0-CDFA-4906-9CC5-CF055092F2E2}.Debug|Any CPU.Build.0 = Debug|Any CPU
		{995CF8D0-CDFA-4906-9CC5-CF055092F2E2}.Release|Any CPU.ActiveCfg = Release|Any CPU
		{995CF8D0-CDFA-4906-9CC5-CF055092F2E2}.Release|Any CPU.Build.0 = Release|Any CPU
		{D9CEE16A-B831-4ACC-A86F-649F9491A263}.Debug|Any CPU.ActiveCfg = Debug|Any CPU
		{D9CEE16A-B831-4ACC-A86F-649F9491A263}.Debug|Any CPU.Build.0 = Debug|Any CPU
		{D9CEE16A-B831-4ACC-A86F-649F9491A263}.Release|Any CPU.ActiveCfg = Release|Any CPU
		{D9CEE16A-B831-4ACC-A86F-649F9491A263}.Release|Any CPU.Build.0 = Release|Any CPU
		{5A4AE349-CA31-4C10-8E28-0BC000EEC2AD}.Debug|Any CPU.ActiveCfg = Debug|Any CPU
		{5A4AE349-CA31-4C10-8E28-0BC000EEC2AD}.Debug|Any CPU.Build.0 = Debug|Any CPU
		{5A4AE349-CA31-4C10-8E28-0BC000EEC2AD}.Release|Any CPU.ActiveCfg = Release|Any CPU
		{5A4AE349-CA31-4C10-8E28-0BC000EEC2AD}.Release|Any CPU.Build.0 = Release|Any CPU
		{4B346360-1089-4463-A0AE-82565971EF5A}.Debug|Any CPU.ActiveCfg = Debug|Any CPU
		{4B346360-1089-4463-A0AE-82565971EF5A}.Debug|Any CPU.Build.0 = Debug|Any CPU
		{4B346360-1089-4463-A0AE-82565971EF5A}.Release|Any CPU.ActiveCfg = Release|Any CPU
		{4B346360-1089-4463-A0AE-82565971EF5A}.Release|Any CPU.Build.0 = Release|Any CPU
		{C2D1DB98-FF1A-4DF4-BBB7-D20655FDE3DE}.Debug|Any CPU.ActiveCfg = Debug|Any CPU
		{C2D1DB98-FF1A-4DF4-BBB7-D20655FDE3DE}.Debug|Any CPU.Build.0 = Debug|Any CPU
		{C2D1DB98-FF1A-4DF4-BBB7-D20655FDE3DE}.Release|Any CPU.ActiveCfg = Release|Any CPU
		{C2D1DB98-FF1A-4DF4-BBB7-D20655FDE3DE}.Release|Any CPU.Build.0 = Release|Any CPU
		{857278DD-92B1-4B68-AE5F-2A8101B645D4}.Debug|Any CPU.ActiveCfg = Debug|Any CPU
		{857278DD-92B1-4B68-AE5F-2A8101B645D4}.Debug|Any CPU.Build.0 = Debug|Any CPU
		{857278DD-92B1-4B68-AE5F-2A8101B645D4}.Release|Any CPU.ActiveCfg = Release|Any CPU
		{857278DD-92B1-4B68-AE5F-2A8101B645D4}.Release|Any CPU.Build.0 = Release|Any CPU
		{F055650F-9F06-4FED-9D79-DA26FC454142}.Debug|Any CPU.ActiveCfg = Debug|Any CPU
		{F055650F-9F06-4FED-9D79-DA26FC454142}.Debug|Any CPU.Build.0 = Debug|Any CPU
		{F055650F-9F06-4FED-9D79-DA26FC454142}.Release|Any CPU.ActiveCfg = Release|Any CPU
		{F055650F-9F06-4FED-9D79-DA26FC454142}.Release|Any CPU.Build.0 = Release|Any CPU
		{C48E2F46-6517-4152-9750-4F56DF211245}.Debug|Any CPU.ActiveCfg = Debug|Any CPU
		{C48E2F46-6517-4152-9750-4F56DF211245}.Debug|Any CPU.Build.0 = Debug|Any CPU
		{C48E2F46-6517-4152-9750-4F56DF211245}.Release|Any CPU.ActiveCfg = Release|Any CPU
		{C48E2F46-6517-4152-9750-4F56DF211245}.Release|Any CPU.Build.0 = Release|Any CPU
		{31E638B6-F82E-4C2B-B0AC-CBBBB9E0ED39}.Debug|Any CPU.ActiveCfg = Debug|Any CPU
		{31E638B6-F82E-4C2B-B0AC-CBBBB9E0ED39}.Debug|Any CPU.Build.0 = Debug|Any CPU
		{31E638B6-F82E-4C2B-B0AC-CBBBB9E0ED39}.Release|Any CPU.ActiveCfg = Release|Any CPU
		{31E638B6-F82E-4C2B-B0AC-CBBBB9E0ED39}.Release|Any CPU.Build.0 = Release|Any CPU
		{E78FC0DF-7CB7-4DD4-A9E9-D0FE8DEA531F}.Debug|Any CPU.ActiveCfg = Debug|Any CPU
		{E78FC0DF-7CB7-4DD4-A9E9-D0FE8DEA531F}.Debug|Any CPU.Build.0 = Debug|Any CPU
		{E78FC0DF-7CB7-4DD4-A9E9-D0FE8DEA531F}.Release|Any CPU.ActiveCfg = Release|Any CPU
		{E78FC0DF-7CB7-4DD4-A9E9-D0FE8DEA531F}.Release|Any CPU.Build.0 = Release|Any CPU
		{CECF56D0-F0E2-4C80-80D5-46C149C110E5}.Debug|Any CPU.ActiveCfg = Debug|Any CPU
		{CECF56D0-F0E2-4C80-80D5-46C149C110E5}.Debug|Any CPU.Build.0 = Debug|Any CPU
		{CECF56D0-F0E2-4C80-80D5-46C149C110E5}.Release|Any CPU.ActiveCfg = Release|Any CPU
		{CECF56D0-F0E2-4C80-80D5-46C149C110E5}.Release|Any CPU.Build.0 = Release|Any CPU
		{4BB1D983-2A7F-42E5-A018-B1597FCFE5C9}.Debug|Any CPU.ActiveCfg = Debug|Any CPU
		{4BB1D983-2A7F-42E5-A018-B1597FCFE5C9}.Debug|Any CPU.Build.0 = Debug|Any CPU
		{4BB1D983-2A7F-42E5-A018-B1597FCFE5C9}.Release|Any CPU.ActiveCfg = Release|Any CPU
		{4BB1D983-2A7F-42E5-A018-B1597FCFE5C9}.Release|Any CPU.Build.0 = Release|Any CPU
		{403513F0-EC5D-4A57-B231-B0CE39D69122}.Debug|Any CPU.ActiveCfg = Debug|Any CPU
		{403513F0-EC5D-4A57-B231-B0CE39D69122}.Debug|Any CPU.Build.0 = Debug|Any CPU
		{403513F0-EC5D-4A57-B231-B0CE39D69122}.Release|Any CPU.ActiveCfg = Release|Any CPU
		{403513F0-EC5D-4A57-B231-B0CE39D69122}.Release|Any CPU.Build.0 = Release|Any CPU
		{B9BA46E9-A9F5-4883-A962-EDB0467910C3}.Debug|Any CPU.ActiveCfg = Debug|Any CPU
		{B9BA46E9-A9F5-4883-A962-EDB0467910C3}.Debug|Any CPU.Build.0 = Debug|Any CPU
		{B9BA46E9-A9F5-4883-A962-EDB0467910C3}.Release|Any CPU.ActiveCfg = Release|Any CPU
		{B9BA46E9-A9F5-4883-A962-EDB0467910C3}.Release|Any CPU.Build.0 = Release|Any CPU
		{F6097203-E1B3-4C77-ADFC-6DB2BCEB1147}.Debug|Any CPU.ActiveCfg = Debug|Any CPU
		{F6097203-E1B3-4C77-ADFC-6DB2BCEB1147}.Debug|Any CPU.Build.0 = Debug|Any CPU
		{F6097203-E1B3-4C77-ADFC-6DB2BCEB1147}.Release|Any CPU.ActiveCfg = Release|Any CPU
		{F6097203-E1B3-4C77-ADFC-6DB2BCEB1147}.Release|Any CPU.Build.0 = Release|Any CPU
		{56693704-1045-4211-BF53-6C6FD5446692}.Debug|Any CPU.ActiveCfg = Debug|Any CPU
		{56693704-1045-4211-BF53-6C6FD5446692}.Debug|Any CPU.Build.0 = Debug|Any CPU
		{56693704-1045-4211-BF53-6C6FD5446692}.Release|Any CPU.ActiveCfg = Release|Any CPU
		{56693704-1045-4211-BF53-6C6FD5446692}.Release|Any CPU.Build.0 = Release|Any CPU
		{8FA0767B-85B4-49C0-8D6B-494E0246B7BF}.Debug|Any CPU.ActiveCfg = Debug|Any CPU
		{8FA0767B-85B4-49C0-8D6B-494E0246B7BF}.Debug|Any CPU.Build.0 = Debug|Any CPU
		{8FA0767B-85B4-49C0-8D6B-494E0246B7BF}.Release|Any CPU.ActiveCfg = Release|Any CPU
		{8FA0767B-85B4-49C0-8D6B-494E0246B7BF}.Release|Any CPU.Build.0 = Release|Any CPU
		{213A3E71-722B-4A04-97F1-8D197915DA18}.Debug|Any CPU.ActiveCfg = Debug|Any CPU
		{213A3E71-722B-4A04-97F1-8D197915DA18}.Debug|Any CPU.Build.0 = Debug|Any CPU
		{213A3E71-722B-4A04-97F1-8D197915DA18}.Release|Any CPU.ActiveCfg = Release|Any CPU
		{213A3E71-722B-4A04-97F1-8D197915DA18}.Release|Any CPU.Build.0 = Release|Any CPU
		{1824052D-500C-49F1-918A-08A9D31FE0F9}.Debug|Any CPU.ActiveCfg = Debug|Any CPU
		{1824052D-500C-49F1-918A-08A9D31FE0F9}.Debug|Any CPU.Build.0 = Debug|Any CPU
		{1824052D-500C-49F1-918A-08A9D31FE0F9}.Release|Any CPU.ActiveCfg = Release|Any CPU
		{1824052D-500C-49F1-918A-08A9D31FE0F9}.Release|Any CPU.Build.0 = Release|Any CPU
		{BCF7BC3D-741E-4A84-A297-236B089BCC78}.Debug|Any CPU.ActiveCfg = Debug|Any CPU
		{BCF7BC3D-741E-4A84-A297-236B089BCC78}.Debug|Any CPU.Build.0 = Debug|Any CPU
		{BCF7BC3D-741E-4A84-A297-236B089BCC78}.Release|Any CPU.ActiveCfg = Release|Any CPU
		{BCF7BC3D-741E-4A84-A297-236B089BCC78}.Release|Any CPU.Build.0 = Release|Any CPU
		{A93F9DEC-9DF1-43C4-880E-9BF6F77FEDB0}.Debug|Any CPU.ActiveCfg = Debug|Any CPU
		{A93F9DEC-9DF1-43C4-880E-9BF6F77FEDB0}.Debug|Any CPU.Build.0 = Debug|Any CPU
		{A93F9DEC-9DF1-43C4-880E-9BF6F77FEDB0}.Release|Any CPU.ActiveCfg = Release|Any CPU
		{A93F9DEC-9DF1-43C4-880E-9BF6F77FEDB0}.Release|Any CPU.Build.0 = Release|Any CPU
		{F23F6BA9-94EE-4944-8A19-4EFDEB87EAC4}.Debug|Any CPU.ActiveCfg = Debug|Any CPU
		{F23F6BA9-94EE-4944-8A19-4EFDEB87EAC4}.Debug|Any CPU.Build.0 = Debug|Any CPU
		{F23F6BA9-94EE-4944-8A19-4EFDEB87EAC4}.Release|Any CPU.ActiveCfg = Release|Any CPU
		{F23F6BA9-94EE-4944-8A19-4EFDEB87EAC4}.Release|Any CPU.Build.0 = Release|Any CPU
		{FF53C8FA-1055-4FC3-86B9-3EC349765D43}.Debug|Any CPU.ActiveCfg = Debug|Any CPU
		{FF53C8FA-1055-4FC3-86B9-3EC349765D43}.Debug|Any CPU.Build.0 = Debug|Any CPU
		{FF53C8FA-1055-4FC3-86B9-3EC349765D43}.Release|Any CPU.ActiveCfg = Release|Any CPU
		{FF53C8FA-1055-4FC3-86B9-3EC349765D43}.Release|Any CPU.Build.0 = Release|Any CPU
		{42E69507-22E3-4AED-B108-50D27CC3E5E6}.Debug|Any CPU.ActiveCfg = Debug|Any CPU
		{42E69507-22E3-4AED-B108-50D27CC3E5E6}.Debug|Any CPU.Build.0 = Debug|Any CPU
		{42E69507-22E3-4AED-B108-50D27CC3E5E6}.Release|Any CPU.ActiveCfg = Release|Any CPU
		{42E69507-22E3-4AED-B108-50D27CC3E5E6}.Release|Any CPU.Build.0 = Release|Any CPU
		{D2A8420B-C7BA-4384-820F-FF04885086A9}.Debug|Any CPU.ActiveCfg = Debug|Any CPU
		{D2A8420B-C7BA-4384-820F-FF04885086A9}.Debug|Any CPU.Build.0 = Debug|Any CPU
		{D2A8420B-C7BA-4384-820F-FF04885086A9}.Release|Any CPU.ActiveCfg = Release|Any CPU
		{D2A8420B-C7BA-4384-820F-FF04885086A9}.Release|Any CPU.Build.0 = Release|Any CPU
		{BD818E1E-35CE-4549-B66B-BFD89652480D}.Debug|Any CPU.ActiveCfg = Debug|Any CPU
		{BD818E1E-35CE-4549-B66B-BFD89652480D}.Debug|Any CPU.Build.0 = Debug|Any CPU
		{BD818E1E-35CE-4549-B66B-BFD89652480D}.Release|Any CPU.ActiveCfg = Release|Any CPU
		{BD818E1E-35CE-4549-B66B-BFD89652480D}.Release|Any CPU.Build.0 = Release|Any CPU
		{29A70456-DA75-4619-B4FE-DA4274C0D34D}.Debug|Any CPU.ActiveCfg = Debug|Any CPU
		{29A70456-DA75-4619-B4FE-DA4274C0D34D}.Debug|Any CPU.Build.0 = Debug|Any CPU
		{29A70456-DA75-4619-B4FE-DA4274C0D34D}.Release|Any CPU.ActiveCfg = Release|Any CPU
		{29A70456-DA75-4619-B4FE-DA4274C0D34D}.Release|Any CPU.Build.0 = Release|Any CPU
		{C34BA0C5-DEC2-4600-A063-957D605D69FE}.Debug|Any CPU.ActiveCfg = Debug|Any CPU
		{C34BA0C5-DEC2-4600-A063-957D605D69FE}.Debug|Any CPU.Build.0 = Debug|Any CPU
		{C34BA0C5-DEC2-4600-A063-957D605D69FE}.Release|Any CPU.ActiveCfg = Release|Any CPU
		{C34BA0C5-DEC2-4600-A063-957D605D69FE}.Release|Any CPU.Build.0 = Release|Any CPU
		{DB46F2DF-83A8-40A8-B23D-219F97946441}.Debug|Any CPU.ActiveCfg = Debug|Any CPU
		{DB46F2DF-83A8-40A8-B23D-219F97946441}.Debug|Any CPU.Build.0 = Debug|Any CPU
		{DB46F2DF-83A8-40A8-B23D-219F97946441}.Release|Any CPU.ActiveCfg = Release|Any CPU
		{DB46F2DF-83A8-40A8-B23D-219F97946441}.Release|Any CPU.Build.0 = Release|Any CPU
		{C33AB269-2E7A-4BA6-967E-0330718D80D6}.Debug|Any CPU.ActiveCfg = Debug|Any CPU
		{C33AB269-2E7A-4BA6-967E-0330718D80D6}.Debug|Any CPU.Build.0 = Debug|Any CPU
		{C33AB269-2E7A-4BA6-967E-0330718D80D6}.Release|Any CPU.ActiveCfg = Release|Any CPU
		{C33AB269-2E7A-4BA6-967E-0330718D80D6}.Release|Any CPU.Build.0 = Release|Any CPU
		{4EA2604E-4677-4C90-A566-E93BC4580385}.Debug|Any CPU.ActiveCfg = Debug|Any CPU
		{4EA2604E-4677-4C90-A566-E93BC4580385}.Debug|Any CPU.Build.0 = Debug|Any CPU
		{4EA2604E-4677-4C90-A566-E93BC4580385}.Release|Any CPU.ActiveCfg = Release|Any CPU
		{4EA2604E-4677-4C90-A566-E93BC4580385}.Release|Any CPU.Build.0 = Release|Any CPU
		{BE84387C-D5CF-4D1A-BCB6-71D43DAB453C}.Debug|Any CPU.ActiveCfg = Debug|Any CPU
		{BE84387C-D5CF-4D1A-BCB6-71D43DAB453C}.Debug|Any CPU.Build.0 = Debug|Any CPU
		{BE84387C-D5CF-4D1A-BCB6-71D43DAB453C}.Release|Any CPU.ActiveCfg = Release|Any CPU
		{BE84387C-D5CF-4D1A-BCB6-71D43DAB453C}.Release|Any CPU.Build.0 = Release|Any CPU
		{215C9A81-491A-44E3-BDF1-2C6306B38EE5}.Debug|Any CPU.ActiveCfg = Debug|Any CPU
		{215C9A81-491A-44E3-BDF1-2C6306B38EE5}.Debug|Any CPU.Build.0 = Debug|Any CPU
		{215C9A81-491A-44E3-BDF1-2C6306B38EE5}.Release|Any CPU.ActiveCfg = Release|Any CPU
		{215C9A81-491A-44E3-BDF1-2C6306B38EE5}.Release|Any CPU.Build.0 = Release|Any CPU
		{21FA3167-E490-4398-B412-94FBA48BC5BB}.Debug|Any CPU.ActiveCfg = Debug|Any CPU
		{21FA3167-E490-4398-B412-94FBA48BC5BB}.Debug|Any CPU.Build.0 = Debug|Any CPU
		{21FA3167-E490-4398-B412-94FBA48BC5BB}.Release|Any CPU.ActiveCfg = Release|Any CPU
		{21FA3167-E490-4398-B412-94FBA48BC5BB}.Release|Any CPU.Build.0 = Release|Any CPU
		{14AA1225-61F4-466C-9D01-6BC0DAA4CA12}.Debug|Any CPU.ActiveCfg = Debug|Any CPU
		{14AA1225-61F4-466C-9D01-6BC0DAA4CA12}.Debug|Any CPU.Build.0 = Debug|Any CPU
		{14AA1225-61F4-466C-9D01-6BC0DAA4CA12}.Release|Any CPU.ActiveCfg = Release|Any CPU
		{14AA1225-61F4-466C-9D01-6BC0DAA4CA12}.Release|Any CPU.Build.0 = Release|Any CPU
		{2919CA24-C5F6-4447-95E6-FCD993878F9C}.Debug|Any CPU.ActiveCfg = Debug|Any CPU
		{2919CA24-C5F6-4447-95E6-FCD993878F9C}.Debug|Any CPU.Build.0 = Debug|Any CPU
		{2919CA24-C5F6-4447-95E6-FCD993878F9C}.Release|Any CPU.ActiveCfg = Release|Any CPU
		{2919CA24-C5F6-4447-95E6-FCD993878F9C}.Release|Any CPU.Build.0 = Release|Any CPU
		{4DC7CFFB-F3D9-4849-9357-44ADA4F8E992}.Debug|Any CPU.ActiveCfg = Debug|Any CPU
		{4DC7CFFB-F3D9-4849-9357-44ADA4F8E992}.Debug|Any CPU.Build.0 = Debug|Any CPU
		{4DC7CFFB-F3D9-4849-9357-44ADA4F8E992}.Release|Any CPU.ActiveCfg = Release|Any CPU
		{4DC7CFFB-F3D9-4849-9357-44ADA4F8E992}.Release|Any CPU.Build.0 = Release|Any CPU
		{E03DF741-BF18-47D4-9899-EBEAEBD74D47}.Debug|Any CPU.ActiveCfg = Debug|Any CPU
		{E03DF741-BF18-47D4-9899-EBEAEBD74D47}.Debug|Any CPU.Build.0 = Debug|Any CPU
		{E03DF741-BF18-47D4-9899-EBEAEBD74D47}.Release|Any CPU.ActiveCfg = Release|Any CPU
		{E03DF741-BF18-47D4-9899-EBEAEBD74D47}.Release|Any CPU.Build.0 = Release|Any CPU
		{38220CFF-5EE8-4809-B3B2-47A27809C404}.Debug|Any CPU.ActiveCfg = Debug|Any CPU
		{38220CFF-5EE8-4809-B3B2-47A27809C404}.Debug|Any CPU.Build.0 = Debug|Any CPU
		{38220CFF-5EE8-4809-B3B2-47A27809C404}.Release|Any CPU.ActiveCfg = Release|Any CPU
		{38220CFF-5EE8-4809-B3B2-47A27809C404}.Release|Any CPU.Build.0 = Release|Any CPU
		{631BAB42-6466-4B38-AC31-E007DB596307}.Debug|Any CPU.ActiveCfg = Debug|Any CPU
		{631BAB42-6466-4B38-AC31-E007DB596307}.Debug|Any CPU.Build.0 = Debug|Any CPU
		{631BAB42-6466-4B38-AC31-E007DB596307}.Release|Any CPU.ActiveCfg = Release|Any CPU
		{631BAB42-6466-4B38-AC31-E007DB596307}.Release|Any CPU.Build.0 = Release|Any CPU
		{FA093BFA-7F08-417C-814B-FEC420A09253}.Debug|Any CPU.ActiveCfg = Debug|Any CPU
		{FA093BFA-7F08-417C-814B-FEC420A09253}.Debug|Any CPU.Build.0 = Debug|Any CPU
		{FA093BFA-7F08-417C-814B-FEC420A09253}.Release|Any CPU.ActiveCfg = Release|Any CPU
		{FA093BFA-7F08-417C-814B-FEC420A09253}.Release|Any CPU.Build.0 = Release|Any CPU
		{8B1BFB07-C89A-4D38-9F0B-8E808975F02F}.Debug|Any CPU.ActiveCfg = Debug|Any CPU
		{8B1BFB07-C89A-4D38-9F0B-8E808975F02F}.Debug|Any CPU.Build.0 = Debug|Any CPU
		{8B1BFB07-C89A-4D38-9F0B-8E808975F02F}.Release|Any CPU.ActiveCfg = Release|Any CPU
		{8B1BFB07-C89A-4D38-9F0B-8E808975F02F}.Release|Any CPU.Build.0 = Release|Any CPU
		{6E1F975D-6AB4-4215-BECC-8CD31CE16331}.Debug|Any CPU.ActiveCfg = Debug|Any CPU
		{6E1F975D-6AB4-4215-BECC-8CD31CE16331}.Debug|Any CPU.Build.0 = Debug|Any CPU
		{6E1F975D-6AB4-4215-BECC-8CD31CE16331}.Release|Any CPU.ActiveCfg = Release|Any CPU
		{6E1F975D-6AB4-4215-BECC-8CD31CE16331}.Release|Any CPU.Build.0 = Release|Any CPU
		{F1E360AB-D8B4-4A2F-95CF-031D1C181CAC}.Debug|Any CPU.ActiveCfg = Debug|Any CPU
		{F1E360AB-D8B4-4A2F-95CF-031D1C181CAC}.Debug|Any CPU.Build.0 = Debug|Any CPU
		{F1E360AB-D8B4-4A2F-95CF-031D1C181CAC}.Release|Any CPU.ActiveCfg = Release|Any CPU
		{F1E360AB-D8B4-4A2F-95CF-031D1C181CAC}.Release|Any CPU.Build.0 = Release|Any CPU
		{05548103-0851-4ACB-81F7-6E15EC8D6AA4}.Debug|Any CPU.ActiveCfg = Debug|Any CPU
		{05548103-0851-4ACB-81F7-6E15EC8D6AA4}.Debug|Any CPU.Build.0 = Debug|Any CPU
		{05548103-0851-4ACB-81F7-6E15EC8D6AA4}.Release|Any CPU.ActiveCfg = Release|Any CPU
		{05548103-0851-4ACB-81F7-6E15EC8D6AA4}.Release|Any CPU.Build.0 = Release|Any CPU
		{C3460B93-1C6A-4D80-A73C-20C40F5C5CB3}.Debug|Any CPU.ActiveCfg = Debug|Any CPU
		{C3460B93-1C6A-4D80-A73C-20C40F5C5CB3}.Debug|Any CPU.Build.0 = Debug|Any CPU
		{C3460B93-1C6A-4D80-A73C-20C40F5C5CB3}.Release|Any CPU.ActiveCfg = Release|Any CPU
		{C3460B93-1C6A-4D80-A73C-20C40F5C5CB3}.Release|Any CPU.Build.0 = Release|Any CPU
		{34253444-F0C5-447F-8A40-715E36DFEDA7}.Debug|Any CPU.ActiveCfg = Debug|Any CPU
		{34253444-F0C5-447F-8A40-715E36DFEDA7}.Debug|Any CPU.Build.0 = Debug|Any CPU
		{34253444-F0C5-447F-8A40-715E36DFEDA7}.Release|Any CPU.ActiveCfg = Release|Any CPU
		{34253444-F0C5-447F-8A40-715E36DFEDA7}.Release|Any CPU.Build.0 = Release|Any CPU
		{394810E8-AA1C-4ABF-8C57-E458F8D01681}.Debug|Any CPU.ActiveCfg = Debug|Any CPU
		{394810E8-AA1C-4ABF-8C57-E458F8D01681}.Debug|Any CPU.Build.0 = Debug|Any CPU
		{394810E8-AA1C-4ABF-8C57-E458F8D01681}.Release|Any CPU.ActiveCfg = Release|Any CPU
		{394810E8-AA1C-4ABF-8C57-E458F8D01681}.Release|Any CPU.Build.0 = Release|Any CPU
		{9AAD811D-370B-4B93-80CC-9C4CA85EE983}.Debug|Any CPU.ActiveCfg = Debug|Any CPU
		{9AAD811D-370B-4B93-80CC-9C4CA85EE983}.Debug|Any CPU.Build.0 = Debug|Any CPU
		{9AAD811D-370B-4B93-80CC-9C4CA85EE983}.Release|Any CPU.ActiveCfg = Release|Any CPU
		{9AAD811D-370B-4B93-80CC-9C4CA85EE983}.Release|Any CPU.Build.0 = Release|Any CPU
		{AF019C4E-2D3D-47D3-B5E5-A25B78C1B7C0}.Debug|Any CPU.ActiveCfg = Debug|Any CPU
		{AF019C4E-2D3D-47D3-B5E5-A25B78C1B7C0}.Debug|Any CPU.Build.0 = Debug|Any CPU
		{AF019C4E-2D3D-47D3-B5E5-A25B78C1B7C0}.Release|Any CPU.ActiveCfg = Release|Any CPU
		{AF019C4E-2D3D-47D3-B5E5-A25B78C1B7C0}.Release|Any CPU.Build.0 = Release|Any CPU
		{D7841579-8476-4852-A956-29A51491C74D}.Debug|Any CPU.ActiveCfg = Debug|Any CPU
		{D7841579-8476-4852-A956-29A51491C74D}.Debug|Any CPU.Build.0 = Debug|Any CPU
		{D7841579-8476-4852-A956-29A51491C74D}.Release|Any CPU.ActiveCfg = Release|Any CPU
		{D7841579-8476-4852-A956-29A51491C74D}.Release|Any CPU.Build.0 = Release|Any CPU
		{56488660-3437-450B-9F42-3727A132EFA0}.Debug|Any CPU.ActiveCfg = Debug|Any CPU
		{56488660-3437-450B-9F42-3727A132EFA0}.Debug|Any CPU.Build.0 = Debug|Any CPU
		{56488660-3437-450B-9F42-3727A132EFA0}.Release|Any CPU.ActiveCfg = Release|Any CPU
		{56488660-3437-450B-9F42-3727A132EFA0}.Release|Any CPU.Build.0 = Release|Any CPU
		{EB9F3672-6D94-42DD-81A4-78EAA0C89983}.Debug|Any CPU.ActiveCfg = Debug|Any CPU
		{EB9F3672-6D94-42DD-81A4-78EAA0C89983}.Debug|Any CPU.Build.0 = Debug|Any CPU
		{EB9F3672-6D94-42DD-81A4-78EAA0C89983}.Release|Any CPU.ActiveCfg = Release|Any CPU
		{EB9F3672-6D94-42DD-81A4-78EAA0C89983}.Release|Any CPU.Build.0 = Release|Any CPU
		{3E5E6F80-C429-4CFA-8561-E31DC0E1792E}.Debug|Any CPU.ActiveCfg = Debug|Any CPU
		{3E5E6F80-C429-4CFA-8561-E31DC0E1792E}.Debug|Any CPU.Build.0 = Debug|Any CPU
		{3E5E6F80-C429-4CFA-8561-E31DC0E1792E}.Release|Any CPU.ActiveCfg = Release|Any CPU
		{3E5E6F80-C429-4CFA-8561-E31DC0E1792E}.Release|Any CPU.Build.0 = Release|Any CPU
		{131C8C04-639B-4105-A5C1-83E80F79EB23}.Debug|Any CPU.ActiveCfg = Debug|Any CPU
		{131C8C04-639B-4105-A5C1-83E80F79EB23}.Debug|Any CPU.Build.0 = Debug|Any CPU
		{131C8C04-639B-4105-A5C1-83E80F79EB23}.Release|Any CPU.ActiveCfg = Release|Any CPU
		{131C8C04-639B-4105-A5C1-83E80F79EB23}.Release|Any CPU.Build.0 = Release|Any CPU
		{A5240F3F-A9AE-47E1-BF09-49ADB773C82E}.Debug|Any CPU.ActiveCfg = Debug|Any CPU
		{A5240F3F-A9AE-47E1-BF09-49ADB773C82E}.Debug|Any CPU.Build.0 = Debug|Any CPU
		{A5240F3F-A9AE-47E1-BF09-49ADB773C82E}.Release|Any CPU.ActiveCfg = Release|Any CPU
		{A5240F3F-A9AE-47E1-BF09-49ADB773C82E}.Release|Any CPU.Build.0 = Release|Any CPU
		{32E92DC1-C39B-43BA-9699-A88A404FFA79}.Debug|Any CPU.ActiveCfg = Debug|Any CPU
		{32E92DC1-C39B-43BA-9699-A88A404FFA79}.Debug|Any CPU.Build.0 = Debug|Any CPU
		{32E92DC1-C39B-43BA-9699-A88A404FFA79}.Release|Any CPU.ActiveCfg = Release|Any CPU
		{32E92DC1-C39B-43BA-9699-A88A404FFA79}.Release|Any CPU.Build.0 = Release|Any CPU
		{FD58117F-D8B3-4800-BFA9-80A554782625}.Debug|Any CPU.ActiveCfg = Debug|iPhoneSimulator
		{FD58117F-D8B3-4800-BFA9-80A554782625}.Debug|Any CPU.Build.0 = Debug|iPhoneSimulator
		{FD58117F-D8B3-4800-BFA9-80A554782625}.Release|Any CPU.ActiveCfg = Release|iPhoneSimulator
		{FD58117F-D8B3-4800-BFA9-80A554782625}.Release|Any CPU.Build.0 = Release|iPhoneSimulator
		{4E67EF6D-F457-4031-88FD-301EDEFE4DE3}.Debug|Any CPU.ActiveCfg = Debug|x86
		{4E67EF6D-F457-4031-88FD-301EDEFE4DE3}.Debug|Any CPU.Build.0 = Debug|x86
		{4E67EF6D-F457-4031-88FD-301EDEFE4DE3}.Release|Any CPU.ActiveCfg = Release|x86
		{4E67EF6D-F457-4031-88FD-301EDEFE4DE3}.Release|Any CPU.Build.0 = Release|x86
		{1A22DD50-291A-4EC2-87BF-C86E5D44326B}.Debug|Any CPU.ActiveCfg = Debug|iPhoneSimulator
		{1A22DD50-291A-4EC2-87BF-C86E5D44326B}.Debug|Any CPU.Build.0 = Debug|iPhoneSimulator
		{1A22DD50-291A-4EC2-87BF-C86E5D44326B}.Release|Any CPU.ActiveCfg = Release|iPhone
		{1A22DD50-291A-4EC2-87BF-C86E5D44326B}.Release|Any CPU.Build.0 = Release|iPhone
		{1F46EE74-C541-4E60-94AF-519E68F29C41}.Debug|Any CPU.ActiveCfg = Debug|iPhoneSimulator
		{1F46EE74-C541-4E60-94AF-519E68F29C41}.Debug|Any CPU.Build.0 = Debug|iPhoneSimulator
		{1F46EE74-C541-4E60-94AF-519E68F29C41}.Release|Any CPU.ActiveCfg = Release|iPhone
		{1F46EE74-C541-4E60-94AF-519E68F29C41}.Release|Any CPU.Build.0 = Release|iPhone
		{227DD1E8-9C34-430B-A8A6-41A737D14D3E}.Debug|Any CPU.ActiveCfg = Debug|iPhoneSimulator
		{227DD1E8-9C34-430B-A8A6-41A737D14D3E}.Debug|Any CPU.Build.0 = Debug|iPhoneSimulator
		{227DD1E8-9C34-430B-A8A6-41A737D14D3E}.Release|Any CPU.ActiveCfg = Release|iPhone
		{227DD1E8-9C34-430B-A8A6-41A737D14D3E}.Release|Any CPU.Build.0 = Release|iPhone
		{CEB9EE11-168A-4B50-9777-C7339B839FF5}.Debug|Any CPU.ActiveCfg = Debug|Any CPU
		{CEB9EE11-168A-4B50-9777-C7339B839FF5}.Debug|Any CPU.Build.0 = Debug|Any CPU
		{CEB9EE11-168A-4B50-9777-C7339B839FF5}.Release|Any CPU.ActiveCfg = Release|Any CPU
		{CEB9EE11-168A-4B50-9777-C7339B839FF5}.Release|Any CPU.Build.0 = Release|Any CPU
		{5AE3055F-D9BE-487C-9424-91ACB2A63167}.Debug|Any CPU.ActiveCfg = Debug|iPhoneSimulator
		{5AE3055F-D9BE-487C-9424-91ACB2A63167}.Debug|Any CPU.Build.0 = Debug|iPhoneSimulator
		{5AE3055F-D9BE-487C-9424-91ACB2A63167}.Release|Any CPU.ActiveCfg = Release|iPhoneSimulator
		{5AE3055F-D9BE-487C-9424-91ACB2A63167}.Release|Any CPU.Build.0 = Release|iPhoneSimulator
		{7158C87A-144F-4990-AFC4-6C553CE65701}.Debug|Any CPU.ActiveCfg = Debug|iPhoneSimulator
		{7158C87A-144F-4990-AFC4-6C553CE65701}.Debug|Any CPU.Build.0 = Debug|iPhoneSimulator
		{7158C87A-144F-4990-AFC4-6C553CE65701}.Release|Any CPU.ActiveCfg = Release|iPhone
		{7158C87A-144F-4990-AFC4-6C553CE65701}.Release|Any CPU.Build.0 = Release|iPhone
		{268750BE-9503-4675-A485-9E2E973E85AE}.Debug|Any CPU.ActiveCfg = Debug|Any CPU
		{268750BE-9503-4675-A485-9E2E973E85AE}.Debug|Any CPU.Build.0 = Debug|Any CPU
		{268750BE-9503-4675-A485-9E2E973E85AE}.Release|Any CPU.ActiveCfg = Release|Any CPU
		{268750BE-9503-4675-A485-9E2E973E85AE}.Release|Any CPU.Build.0 = Release|Any CPU
		{4FE36408-BBA0-492A-9E25-29E9D00E94C2}.Debug|Any CPU.ActiveCfg = Debug|Any CPU
		{4FE36408-BBA0-492A-9E25-29E9D00E94C2}.Debug|Any CPU.Build.0 = Debug|Any CPU
		{4FE36408-BBA0-492A-9E25-29E9D00E94C2}.Release|Any CPU.ActiveCfg = Release|Any CPU
		{4FE36408-BBA0-492A-9E25-29E9D00E94C2}.Release|Any CPU.Build.0 = Release|Any CPU
		{1AC408BF-52A0-46F3-8CDA-30AE9B6C62F8}.Debug|Any CPU.ActiveCfg = Debug|Any CPU
		{1AC408BF-52A0-46F3-8CDA-30AE9B6C62F8}.Debug|Any CPU.Build.0 = Debug|Any CPU
		{1AC408BF-52A0-46F3-8CDA-30AE9B6C62F8}.Release|Any CPU.ActiveCfg = Release|Any CPU
		{1AC408BF-52A0-46F3-8CDA-30AE9B6C62F8}.Release|Any CPU.Build.0 = Release|Any CPU
		{C9B203AB-03C4-45D8-B74D-2F0CB610AD76}.Debug|Any CPU.ActiveCfg = Debug|Any CPU
		{C9B203AB-03C4-45D8-B74D-2F0CB610AD76}.Debug|Any CPU.Build.0 = Debug|Any CPU
		{C9B203AB-03C4-45D8-B74D-2F0CB610AD76}.Release|Any CPU.ActiveCfg = Release|Any CPU
		{C9B203AB-03C4-45D8-B74D-2F0CB610AD76}.Release|Any CPU.Build.0 = Release|Any CPU
		{BA7D4502-48BA-4159-A094-151B393F3C62}.Debug|Any CPU.ActiveCfg = Debug|Any CPU
		{BA7D4502-48BA-4159-A094-151B393F3C62}.Debug|Any CPU.Build.0 = Debug|Any CPU
		{BA7D4502-48BA-4159-A094-151B393F3C62}.Release|Any CPU.ActiveCfg = Release|Any CPU
		{BA7D4502-48BA-4159-A094-151B393F3C62}.Release|Any CPU.Build.0 = Release|Any CPU
		{828342FD-C02A-483F-BA32-9BEA73CDF71F}.Debug|Any CPU.ActiveCfg = Debug|Any CPU
		{828342FD-C02A-483F-BA32-9BEA73CDF71F}.Debug|Any CPU.Build.0 = Debug|Any CPU
		{828342FD-C02A-483F-BA32-9BEA73CDF71F}.Release|Any CPU.ActiveCfg = Release|Any CPU
		{828342FD-C02A-483F-BA32-9BEA73CDF71F}.Release|Any CPU.Build.0 = Release|Any CPU
		{02243409-1C72-41AE-B587-DF4562785AB1}.Debug|Any CPU.ActiveCfg = Debug|Any CPU
		{02243409-1C72-41AE-B587-DF4562785AB1}.Debug|Any CPU.Build.0 = Debug|Any CPU
		{02243409-1C72-41AE-B587-DF4562785AB1}.Release|Any CPU.ActiveCfg = Release|Any CPU
		{02243409-1C72-41AE-B587-DF4562785AB1}.Release|Any CPU.Build.0 = Release|Any CPU
		{AF71C665-F825-4ABE-ACE6-041F82242E72}.Debug|Any CPU.ActiveCfg = Debug|Any CPU
		{AF71C665-F825-4ABE-ACE6-041F82242E72}.Debug|Any CPU.Build.0 = Debug|Any CPU
		{AF71C665-F825-4ABE-ACE6-041F82242E72}.Release|Any CPU.ActiveCfg = Release|Any CPU
		{AF71C665-F825-4ABE-ACE6-041F82242E72}.Release|Any CPU.Build.0 = Release|Any CPU
		{8FA1187E-32BE-46BA-8AB0-92A4E24C37C5}.Debug|Any CPU.ActiveCfg = Debug|Any CPU
		{8FA1187E-32BE-46BA-8AB0-92A4E24C37C5}.Debug|Any CPU.Build.0 = Debug|Any CPU
		{8FA1187E-32BE-46BA-8AB0-92A4E24C37C5}.Release|Any CPU.ActiveCfg = Release|Any CPU
		{8FA1187E-32BE-46BA-8AB0-92A4E24C37C5}.Release|Any CPU.Build.0 = Release|Any CPU
		{01939DE4-9823-4EBB-AC9F-4DF48C8E8C28}.Debug|Any CPU.ActiveCfg = Debug|Any CPU
		{01939DE4-9823-4EBB-AC9F-4DF48C8E8C28}.Debug|Any CPU.Build.0 = Debug|Any CPU
		{01939DE4-9823-4EBB-AC9F-4DF48C8E8C28}.Release|Any CPU.ActiveCfg = Release|Any CPU
		{01939DE4-9823-4EBB-AC9F-4DF48C8E8C28}.Release|Any CPU.Build.0 = Release|Any CPU
		{7F89E530-52AA-4E77-B486-D3095DD9FA8D}.Debug|Any CPU.ActiveCfg = Debug|Any CPU
		{7F89E530-52AA-4E77-B486-D3095DD9FA8D}.Debug|Any CPU.Build.0 = Debug|Any CPU
		{7F89E530-52AA-4E77-B486-D3095DD9FA8D}.Release|Any CPU.ActiveCfg = Release|Any CPU
		{7F89E530-52AA-4E77-B486-D3095DD9FA8D}.Release|Any CPU.Build.0 = Release|Any CPU
		{CCD56D77-01A4-443A-B3AD-C4282F678C1E}.Debug|Any CPU.ActiveCfg = Debug|Any CPU
		{CCD56D77-01A4-443A-B3AD-C4282F678C1E}.Debug|Any CPU.Build.0 = Debug|Any CPU
		{CCD56D77-01A4-443A-B3AD-C4282F678C1E}.Release|Any CPU.ActiveCfg = Release|Any CPU
		{CCD56D77-01A4-443A-B3AD-C4282F678C1E}.Release|Any CPU.Build.0 = Release|Any CPU
		{9C57C66D-E2EE-4D3E-B252-4D930C691E7B}.Debug|Any CPU.ActiveCfg = Debug|Any CPU
		{9C57C66D-E2EE-4D3E-B252-4D930C691E7B}.Debug|Any CPU.Build.0 = Debug|Any CPU
		{9C57C66D-E2EE-4D3E-B252-4D930C691E7B}.Release|Any CPU.ActiveCfg = Release|Any CPU
		{9C57C66D-E2EE-4D3E-B252-4D930C691E7B}.Release|Any CPU.Build.0 = Release|Any CPU
		{6F05335B-4BB9-4B94-A0AA-CF32DCCC838C}.Debug|Any CPU.ActiveCfg = Debug|Any CPU
		{6F05335B-4BB9-4B94-A0AA-CF32DCCC838C}.Debug|Any CPU.Build.0 = Debug|Any CPU
		{6F05335B-4BB9-4B94-A0AA-CF32DCCC838C}.Release|Any CPU.ActiveCfg = Release|Any CPU
		{6F05335B-4BB9-4B94-A0AA-CF32DCCC838C}.Release|Any CPU.Build.0 = Release|Any CPU
	EndGlobalSection
EndGlobal
